
Microsoft Visual Studio Solution File, Format Version 10.00
# Visual Studio 2008
Project("{2150E333-8FDC-42A3-9474-1A3956D46DE8}") = "Solution Items", "Solution Items", "{40045C29-9A6C-4C66-9B5C-34B8DC57FD51}"
	ProjectSection(SolutionItems) = preProject
		ArbolAbstractoDatos.vsmdi = ArbolAbstractoDatos.vsmdi
		LocalTestRun.testrunconfig = LocalTestRun.testrunconfig
		MotorDB1.vsmdi = MotorDB1.vsmdi
	EndProjectSection
EndProject
Project("{FAE04EC0-301F-11D3-BF4B-00C04F79EFBC}") = "ExpressionTreeVisualizer", "..\Tecnico\ExpressionTreeVisualizer\ExpressionTreeVisualizer.csproj", "{97D88080-A3E3-4E05-82E7-7365B36C67EB}"
EndProject
Project("{FAE04EC0-301F-11D3-BF4B-00C04F79EFBC}") = "Signum.Engine", "Signum.Engine\Signum.Engine.csproj", "{7F2DB6FE-C109-4057-B207-C62A767F905D}"
EndProject
Project("{FAE04EC0-301F-11D3-BF4B-00C04F79EFBC}") = "Signum.Entities", "Signum.Entities\Signum.Entities.csproj", "{F2B51D08-498D-4C9F-8112-9521A7762B02}"
EndProject
Project("{FAE04EC0-301F-11D3-BF4B-00C04F79EFBC}") = "Signum.Engine.Test", "Signum.Engine.Test\Signum.Engine.Test.csproj", "{F0B0F0B5-5A51-4C65-9B86-D3B2E0F9385E}"
EndProject
Project("{FAE04EC0-301F-11D3-BF4B-00C04F79EFBC}") = "Signum.Utilities", "Signum.Utilities\Signum.Utilities.csproj", "{F7D3F72D-741D-4F67-8CF8-CD41B9035FED}"
EndProject
Project("{FAE04EC0-301F-11D3-BF4B-00C04F79EFBC}") = "Signum.Services", "Signum.Services\Signum.Services.csproj", "{B63C47DF-4EC3-4D80-863C-2B5A38D2C35B}"
EndProject
Project("{FAE04EC0-301F-11D3-BF4B-00C04F79EFBC}") = "Signum.Windows", "Signum.Windows\Signum.Windows.csproj", "{76278145-7CCD-4411-9B8A-078708128571}"
EndProject
Project("{2150E333-8FDC-42A3-9474-1A3956D46DE8}") = "Snippets", "Snippets", "{93568FEA-C8F7-4B1E-81D4-F7CA57F95CAA}"
	ProjectSection(SolutionItems) = preProject
		Snippets\entity.snippet = Snippets\entity.snippet
		Snippets\entityWithName.snippet = Snippets\entityWithName.snippet
		Snippets\field.snippet = Snippets\field.snippet
		Snippets\tran.snippet = Snippets\tran.snippet
	EndProjectSection
EndProject
Project("{54435603-DBB4-11D2-8724-00A0C9A8B90C}") = "SignumFrameworkSetup", "SignumFrameworkSetup\SignumFrameworkSetup.vdproj", "{1A846B8F-8047-4323-882B-721233516FBF}"
EndProject
Global
	GlobalSection(TeamFoundationVersionControl) = preSolution
		SccNumberOfProjects = 9
		SccEnterpriseProvider = {4CA58AB2-18FA-4F8D-95D4-32DDF27D184C}
		SccTeamFoundationServer = http://192.168.0.8:8080/
		SccLocalPath0 = .
		SccProjectUniqueName1 = Signum.Engine\\Signum.Engine.csproj
		SccProjectName1 = Signum.Engine
		SccLocalPath1 = Signum.Engine
		SccProjectUniqueName2 = Signum.Engine.Test\\Signum.Engine.Test.csproj
		SccProjectName2 = Signum.Engine.Test
		SccLocalPath2 = Signum.Engine.Test
		SccProjectUniqueName3 = Signum.Entities\\Signum.Entities.csproj
		SccProjectName3 = Signum.Entities
		SccLocalPath3 = Signum.Entities
		SccProjectUniqueName4 = Signum.Utilities\\Signum.Utilities.csproj
		SccProjectName4 = Signum.Utilities
		SccLocalPath4 = Signum.Utilities
		SccProjectUniqueName5 = Signum.Services\\Signum.Services.csproj
		SccProjectName5 = Signum.Services
		SccLocalPath5 = Signum.Services
		SccProjectUniqueName6 = Signum.Windows\\Signum.Windows.csproj
		SccProjectName6 = Signum.Windows
		SccLocalPath6 = Signum.Windows
		SccProjectUniqueName7 = SignumFrameworkSetup\\SignumFrameworkSetup.vdproj
		SccProjectName7 = SignumFrameworkSetup
		SccLocalPath7 = SignumFrameworkSetup
		SccProjectUniqueName8 = ..\\Tecnico\\ExpressionTreeVisualizer\\ExpressionTreeVisualizer.csproj
		SccProjectName8 = ../Tecnico/ExpressionTreeVisualizer
		SccLocalPath8 = ..\\Tecnico\\ExpressionTreeVisualizer
	EndGlobalSection
	GlobalSection(TestCaseManagementSettings) = postSolution
		CategoryFile = MotorDB1.vsmdi
	EndGlobalSection
	GlobalSection(SolutionConfigurationPlatforms) = preSolution
		Debug|Any CPU = Debug|Any CPU
		Release|Any CPU = Release|Any CPU
	EndGlobalSection
	GlobalSection(ProjectConfigurationPlatforms) = postSolution
		{97D88080-A3E3-4E05-82E7-7365B36C67EB}.Debug|Any CPU.ActiveCfg = Debug|Any CPU
		{97D88080-A3E3-4E05-82E7-7365B36C67EB}.Debug|Any CPU.Build.0 = Debug|Any CPU
		{97D88080-A3E3-4E05-82E7-7365B36C67EB}.Release|Any CPU.ActiveCfg = Release|Any CPU
		{97D88080-A3E3-4E05-82E7-7365B36C67EB}.Release|Any CPU.Build.0 = Release|Any CPU
		{7F2DB6FE-C109-4057-B207-C62A767F905D}.Debug|Any CPU.ActiveCfg = Debug|Any CPU
		{7F2DB6FE-C109-4057-B207-C62A767F905D}.Debug|Any CPU.Build.0 = Debug|Any CPU
		{7F2DB6FE-C109-4057-B207-C62A767F905D}.Release|Any CPU.ActiveCfg = Release|Any CPU
		{7F2DB6FE-C109-4057-B207-C62A767F905D}.Release|Any CPU.Build.0 = Release|Any CPU
		{F2B51D08-498D-4C9F-8112-9521A7762B02}.Debug|Any CPU.ActiveCfg = Debug|Any CPU
		{F2B51D08-498D-4C9F-8112-9521A7762B02}.Debug|Any CPU.Build.0 = Debug|Any CPU
		{F2B51D08-498D-4C9F-8112-9521A7762B02}.Release|Any CPU.ActiveCfg = Release|Any CPU
		{F2B51D08-498D-4C9F-8112-9521A7762B02}.Release|Any CPU.Build.0 = Release|Any CPU
		{F0B0F0B5-5A51-4C65-9B86-D3B2E0F9385E}.Debug|Any CPU.ActiveCfg = Debug|Any CPU
		{F0B0F0B5-5A51-4C65-9B86-D3B2E0F9385E}.Debug|Any CPU.Build.0 = Debug|Any CPU
		{F0B0F0B5-5A51-4C65-9B86-D3B2E0F9385E}.Release|Any CPU.ActiveCfg = Release|Any CPU
		{F0B0F0B5-5A51-4C65-9B86-D3B2E0F9385E}.Release|Any CPU.Build.0 = Release|Any CPU
		{F7D3F72D-741D-4F67-8CF8-CD41B9035FED}.Debug|Any CPU.ActiveCfg = Debug|Any CPU
		{F7D3F72D-741D-4F67-8CF8-CD41B9035FED}.Debug|Any CPU.Build.0 = Debug|Any CPU
		{F7D3F72D-741D-4F67-8CF8-CD41B9035FED}.Release|Any CPU.ActiveCfg = Release|Any CPU
		{F7D3F72D-741D-4F67-8CF8-CD41B9035FED}.Release|Any CPU.Build.0 = Release|Any CPU
		{B63C47DF-4EC3-4D80-863C-2B5A38D2C35B}.Debug|Any CPU.ActiveCfg = Debug|Any CPU
		{B63C47DF-4EC3-4D80-863C-2B5A38D2C35B}.Debug|Any CPU.Build.0 = Debug|Any CPU
		{B63C47DF-4EC3-4D80-863C-2B5A38D2C35B}.Release|Any CPU.ActiveCfg = Release|Any CPU
		{B63C47DF-4EC3-4D80-863C-2B5A38D2C35B}.Release|Any CPU.Build.0 = Release|Any CPU
		{76278145-7CCD-4411-9B8A-078708128571}.Debug|Any CPU.ActiveCfg = Debug|Any CPU
		{76278145-7CCD-4411-9B8A-078708128571}.Debug|Any CPU.Build.0 = Debug|Any CPU
		{76278145-7CCD-4411-9B8A-078708128571}.Release|Any CPU.ActiveCfg = Release|Any CPU
		{76278145-7CCD-4411-9B8A-078708128571}.Release|Any CPU.Build.0 = Release|Any CPU
		{1A846B8F-8047-4323-882B-721233516FBF}.Debug|Any CPU.ActiveCfg = Debug
		{1A846B8F-8047-4323-882B-721233516FBF}.Debug|Any CPU.Build.0 = Debug
		{1A846B8F-8047-4323-882B-721233516FBF}.Release|Any CPU.ActiveCfg = Release
		{1A846B8F-8047-4323-882B-721233516FBF}.Release|Any CPU.Build.0 = Release
	EndGlobalSection
	GlobalSection(SolutionProperties) = preSolution
		HideSolutionNode = FALSE
	EndGlobalSection
EndGlobal
