
Microsoft Visual Studio Solution File, Format Version 12.00
# Visual Studio Version 17
VisualStudioVersion = 17.0.31612.314
MinimumVisualStudioVersion = 10.0.40219.1
Project("{9A19103F-16F7-4668-BE54-9A1E7A4F7556}") = "Signum.Utilities", "Signum.Utilities\Signum.Utilities.csproj", "{F7D3F72D-741D-4F67-8CF8-CD41B9035FED}"
EndProject
Project("{9A19103F-16F7-4668-BE54-9A1E7A4F7556}") = "Signum.Test", "Signum.Test\Signum.Test.csproj", "{DE565EB3-EE44-469D-B6B9-C8F3CA0712EF}"
EndProject
Project("{9A19103F-16F7-4668-BE54-9A1E7A4F7556}") = "Signum.TSGenerator", "Signum.TSGenerator\Signum.TSGenerator.csproj", "{32990F1A-6A78-439E-8194-68F05AA1CCB1}"
EndProject
Project("{9A19103F-16F7-4668-BE54-9A1E7A4F7556}") = "Signum.MSBuildTask", "Signum.MSBuildTask\Signum.MSBuildTask.csproj", "{5D992EC2-1F54-4B7B-AF47-CB76E340B658}"
EndProject
Project("{9A19103F-16F7-4668-BE54-9A1E7A4F7556}") = "Signum", "Signum\Signum.csproj", "{C8AD7249-3CC8-490F-8951-532C0F9C0613}"
EndProject
Global
	GlobalSection(SolutionConfigurationPlatforms) = preSolution
		Debug|Any CPU = Debug|Any CPU
		Release|Any CPU = Release|Any CPU
	EndGlobalSection
	GlobalSection(ProjectConfigurationPlatforms) = postSolution
		{F7D3F72D-741D-4F67-8CF8-CD41B9035FED}.Debug|Any CPU.ActiveCfg = Debug|Any CPU
		{F7D3F72D-741D-4F67-8CF8-CD41B9035FED}.Debug|Any CPU.Build.0 = Debug|Any CPU
		{F7D3F72D-741D-4F67-8CF8-CD41B9035FED}.Release|Any CPU.ActiveCfg = Release|x64
		{DE565EB3-EE44-469D-B6B9-C8F3CA0712EF}.Debug|Any CPU.ActiveCfg = Debug|Any CPU
		{DE565EB3-EE44-469D-B6B9-C8F3CA0712EF}.Debug|Any CPU.Build.0 = Debug|Any CPU
		{DE565EB3-EE44-469D-B6B9-C8F3CA0712EF}.Release|Any CPU.ActiveCfg = Release|x64
		{32990F1A-6A78-439E-8194-68F05AA1CCB1}.Debug|Any CPU.ActiveCfg = Debug|Any CPU
		{32990F1A-6A78-439E-8194-68F05AA1CCB1}.Debug|Any CPU.Build.0 = Debug|Any CPU
		{32990F1A-6A78-439E-8194-68F05AA1CCB1}.Release|Any CPU.ActiveCfg = Release|x64
		{5D992EC2-1F54-4B7B-AF47-CB76E340B658}.Debug|Any CPU.ActiveCfg = Debug|Any CPU
		{5D992EC2-1F54-4B7B-AF47-CB76E340B658}.Debug|Any CPU.Build.0 = Debug|Any CPU
		{5D992EC2-1F54-4B7B-AF47-CB76E340B658}.Release|Any CPU.ActiveCfg = Release|x64
		{C8AD7249-3CC8-490F-8951-532C0F9C0613}.Debug|Any CPU.ActiveCfg = Debug|Any CPU
		{C8AD7249-3CC8-490F-8951-532C0F9C0613}.Debug|Any CPU.Build.0 = Debug|Any CPU
		{C8AD7249-3CC8-490F-8951-532C0F9C0613}.Release|Any CPU.ActiveCfg = Release|Any CPU
		{C8AD7249-3CC8-490F-8951-532C0F9C0613}.Release|Any CPU.Build.0 = Release|Any CPU
	EndGlobalSection
	GlobalSection(SolutionProperties) = preSolution
		HideSolutionNode = FALSE
	EndGlobalSection
	GlobalSection(ExtensibilityGlobals) = postSolution
		SolutionGuid = {43C7947A-C55C-455D-AB21-DD8E9242E72F}
	EndGlobalSection
	GlobalSection(TestCaseManagementSettings) = postSolution
		CategoryFile = Signum.Framework.vsmdi
	EndGlobalSection
EndGlobal
