
Microsoft Visual Studio Solution File, Format Version 12.00
# Visual Studio 2012
Project("{2150E333-8FDC-42A3-9474-1A3956D46DE8}") = "Framework", "Framework", "{C091CA76-1473-476F-961B-A209A4B4D74A}"
EndProject
Project("{2150E333-8FDC-42A3-9474-1A3956D46DE8}") = "Extensions", "Extensions", "{A5D15760-64E5-4522-B298-0249AAE6E124}"
EndProject
Project("{2150E333-8FDC-42A3-9474-1A3956D46DE8}") = "Solution Items", "Solution Items", "{94AFC767-70E0-4E8D-879B-19A49B9C9DAF}"
	ProjectSection(SolutionItems) = preProject
		LocalTestRun.testrunconfig = LocalTestRun.testrunconfig
		Signum.Framework.Extensions.vsmdi = Signum.Framework.Extensions.vsmdi
		TestSettings1.testsettings = TestSettings1.testsettings
	EndProjectSection
EndProject
Project("{FAE04EC0-301F-11D3-BF4B-00C04F79EFBC}") = "Signum.Web.Extensions.Sample", "Signum.Web.Extensions.Sample\Signum.Web.Extensions.Sample.csproj", "{4E8F08F7-6EA9-4D06-A2F5-CFAD4C1364E8}"
EndProject
Project("{FAE04EC0-301F-11D3-BF4B-00C04F79EFBC}") = "Signum.Engine", "..\Framework\Signum.Engine\Signum.Engine.csproj", "{7F2DB6FE-C109-4057-B207-C62A767F905D}"
EndProject
Project("{FAE04EC0-301F-11D3-BF4B-00C04F79EFBC}") = "Signum.Entities", "..\Framework\Signum.Entities\Signum.Entities.csproj", "{F2B51D08-498D-4C9F-8112-9521A7762B02}"
EndProject
Project("{FAE04EC0-301F-11D3-BF4B-00C04F79EFBC}") = "Signum.Test", "..\Framework\Signum.Test\Signum.Test.csproj", "{DE565EB3-EE44-469D-B6B9-C8F3CA0712EF}"
EndProject
Project("{FAE04EC0-301F-11D3-BF4B-00C04F79EFBC}") = "Signum.Utilities", "..\Framework\Signum.Utilities\Signum.Utilities.csproj", "{F7D3F72D-741D-4F67-8CF8-CD41B9035FED}"
EndProject
Project("{FAE04EC0-301F-11D3-BF4B-00C04F79EFBC}") = "Signum.Web", "..\Framework\Signum.Web\Signum.Web.csproj", "{61898D02-521F-49AB-928B-F80615D55CA3}"
EndProject
Project("{FAE04EC0-301F-11D3-BF4B-00C04F79EFBC}") = "Signum.Engine.Extensions", "Signum.Engine.Extensions\Signum.Engine.Extensions.csproj", "{BA7FA363-61A1-41B1-945B-9B9C7BBCD357}"
EndProject
Project("{FAE04EC0-301F-11D3-BF4B-00C04F79EFBC}") = "Signum.Entities.Extensions", "Signum.Entities.Extensions\Signum.Entities.Extensions.csproj", "{7D851227-5294-4BEB-990E-56B4FBB7A148}"
EndProject
Project("{FAE04EC0-301F-11D3-BF4B-00C04F79EFBC}") = "Signum.Test.Extensions", "Signum.Test.Extensions\Signum.Test.Extensions.csproj", "{4D7D1542-2C5B-45D3-BC62-0D7290899EF7}"
EndProject
Project("{FAE04EC0-301F-11D3-BF4B-00C04F79EFBC}") = "Signum.Web.Extensions", "Signum.Web.Extensions\Signum.Web.Extensions.csproj", "{86EE7792-96CF-4420-997B-8C811E2B166D}"
EndProject
Project("{FAE04EC0-301F-11D3-BF4B-00C04F79EFBC}") = "Signum.Windows.Extensions", "Signum.Windows.Extensions\Signum.Windows.Extensions.csproj", "{CAFD6D4D-E5FB-4A6E-84FC-3185854CCD9D}"
EndProject
Project("{FAE04EC0-301F-11D3-BF4B-00C04F79EFBC}") = "Signum.Windows", "..\Framework\Signum.Windows\Signum.Windows.csproj", "{76278145-7CCD-4411-9B8A-078708128571}"
EndProject
Project("{FAE04EC0-301F-11D3-BF4B-00C04F79EFBC}") = "Signum.Web.Extensions.Selenium", "Signum.Web.Extensions.Selenium\Signum.Web.Extensions.Selenium.csproj", "{18048DCC-7069-4BC1-8BE0-99010C7D9082}"
EndProject
Project("{FAE04EC0-301F-11D3-BF4B-00C04F79EFBC}") = "Signum.Web.Extensions.Sample.Test", "Signum.Web.Extensions.Sample.Test\Signum.Web.Extensions.Sample.Test.csproj", "{9DFB2234-A70C-4583-8674-EC33619BC25E}"
EndProject
Project("{FAE04EC0-301F-11D3-BF4B-00C04F79EFBC}") = "Signum.Windows.Extensions.Sample", "Signum.Windows.Extensions.Sample\Signum.Windows.Extensions.Sample.csproj", "{5658AD7A-C9F7-4359-96A6-9EBC8CB1DCC8}"
EndProject
Project("{FAE04EC0-301F-11D3-BF4B-00C04F79EFBC}") = "Signum.Windows.Extensions.UIAutomation", "Signum.Windows.Extensions.UIAutomation\Signum.Windows.Extensions.UIAutomation.csproj", "{8BEE9C27-E196-4087-A531-128BBB5D0CBF}"
EndProject
Project("{FAE04EC0-301F-11D3-BF4B-00C04F79EFBC}") = "Signum.Windows.Extensions.Sample.Test", "Signum.Windows.Extensions.Sample.Test\Signum.Windows.Extensions.Sample.Test.csproj", "{754D3A2B-2E78-472F-BFA4-939031D2FFE1}"
EndProject
Global
	GlobalSection(TestCaseManagementSettings) = postSolution
		CategoryFile = Signum.Framework.Extensions.vsmdi
	EndGlobalSection
	GlobalSection(SolutionConfigurationPlatforms) = preSolution
		Debug|Any CPU = Debug|Any CPU
		Debug|x86 = Debug|x86
		Partial|Any CPU = Partial|Any CPU
		Partial|x86 = Partial|x86
		Release|Any CPU = Release|Any CPU
		Release|x86 = Release|x86
	EndGlobalSection
	GlobalSection(ProjectConfigurationPlatforms) = postSolution
		{4E8F08F7-6EA9-4D06-A2F5-CFAD4C1364E8}.Debug|Any CPU.ActiveCfg = Debug|Any CPU
		{4E8F08F7-6EA9-4D06-A2F5-CFAD4C1364E8}.Debug|Any CPU.Build.0 = Debug|Any CPU
		{4E8F08F7-6EA9-4D06-A2F5-CFAD4C1364E8}.Debug|x86.ActiveCfg = Debug|Any CPU
		{4E8F08F7-6EA9-4D06-A2F5-CFAD4C1364E8}.Debug|x86.Build.0 = Debug|Any CPU
		{4E8F08F7-6EA9-4D06-A2F5-CFAD4C1364E8}.Partial|Any CPU.ActiveCfg = Release|Any CPU
		{4E8F08F7-6EA9-4D06-A2F5-CFAD4C1364E8}.Partial|Any CPU.Build.0 = Release|Any CPU
		{4E8F08F7-6EA9-4D06-A2F5-CFAD4C1364E8}.Partial|x86.ActiveCfg = Release|Any CPU
		{4E8F08F7-6EA9-4D06-A2F5-CFAD4C1364E8}.Release|Any CPU.ActiveCfg = Release|Any CPU
		{4E8F08F7-6EA9-4D06-A2F5-CFAD4C1364E8}.Release|Any CPU.Build.0 = Release|Any CPU
		{4E8F08F7-6EA9-4D06-A2F5-CFAD4C1364E8}.Release|x86.ActiveCfg = Release|Any CPU
		{7F2DB6FE-C109-4057-B207-C62A767F905D}.Debug|Any CPU.ActiveCfg = Debug|Any CPU
		{7F2DB6FE-C109-4057-B207-C62A767F905D}.Debug|Any CPU.Build.0 = Debug|Any CPU
		{7F2DB6FE-C109-4057-B207-C62A767F905D}.Debug|x86.ActiveCfg = Debug|Any CPU
		{7F2DB6FE-C109-4057-B207-C62A767F905D}.Debug|x86.Build.0 = Debug|Any CPU
		{7F2DB6FE-C109-4057-B207-C62A767F905D}.Partial|Any CPU.ActiveCfg = Partial|Any CPU
		{7F2DB6FE-C109-4057-B207-C62A767F905D}.Partial|Any CPU.Build.0 = Partial|Any CPU
		{7F2DB6FE-C109-4057-B207-C62A767F905D}.Partial|x86.ActiveCfg = Partial|Any CPU
		{7F2DB6FE-C109-4057-B207-C62A767F905D}.Release|Any CPU.ActiveCfg = Release|Any CPU
		{7F2DB6FE-C109-4057-B207-C62A767F905D}.Release|Any CPU.Build.0 = Release|Any CPU
		{7F2DB6FE-C109-4057-B207-C62A767F905D}.Release|x86.ActiveCfg = Release|Any CPU
		{F2B51D08-498D-4C9F-8112-9521A7762B02}.Debug|Any CPU.ActiveCfg = Debug|Any CPU
		{F2B51D08-498D-4C9F-8112-9521A7762B02}.Debug|Any CPU.Build.0 = Debug|Any CPU
		{F2B51D08-498D-4C9F-8112-9521A7762B02}.Debug|x86.ActiveCfg = Debug|Any CPU
		{F2B51D08-498D-4C9F-8112-9521A7762B02}.Debug|x86.Build.0 = Debug|Any CPU
		{F2B51D08-498D-4C9F-8112-9521A7762B02}.Partial|Any CPU.ActiveCfg = Partial|Any CPU
		{F2B51D08-498D-4C9F-8112-9521A7762B02}.Partial|Any CPU.Build.0 = Partial|Any CPU
		{F2B51D08-498D-4C9F-8112-9521A7762B02}.Partial|x86.ActiveCfg = Partial|Any CPU
		{F2B51D08-498D-4C9F-8112-9521A7762B02}.Release|Any CPU.ActiveCfg = Release|Any CPU
		{F2B51D08-498D-4C9F-8112-9521A7762B02}.Release|Any CPU.Build.0 = Release|Any CPU
		{F2B51D08-498D-4C9F-8112-9521A7762B02}.Release|x86.ActiveCfg = Release|Any CPU
		{DE565EB3-EE44-469D-B6B9-C8F3CA0712EF}.Debug|Any CPU.ActiveCfg = Debug|Any CPU
		{DE565EB3-EE44-469D-B6B9-C8F3CA0712EF}.Debug|Any CPU.Build.0 = Debug|Any CPU
		{DE565EB3-EE44-469D-B6B9-C8F3CA0712EF}.Debug|x86.ActiveCfg = Debug|Any CPU
		{DE565EB3-EE44-469D-B6B9-C8F3CA0712EF}.Debug|x86.Build.0 = Debug|Any CPU
		{DE565EB3-EE44-469D-B6B9-C8F3CA0712EF}.Partial|Any CPU.ActiveCfg = Partial|Any CPU
		{DE565EB3-EE44-469D-B6B9-C8F3CA0712EF}.Partial|Any CPU.Build.0 = Partial|Any CPU
		{DE565EB3-EE44-469D-B6B9-C8F3CA0712EF}.Partial|x86.ActiveCfg = Partial|Any CPU
		{DE565EB3-EE44-469D-B6B9-C8F3CA0712EF}.Release|Any CPU.ActiveCfg = Release|Any CPU
		{DE565EB3-EE44-469D-B6B9-C8F3CA0712EF}.Release|Any CPU.Build.0 = Release|Any CPU
		{DE565EB3-EE44-469D-B6B9-C8F3CA0712EF}.Release|x86.ActiveCfg = Release|Any CPU
		{F7D3F72D-741D-4F67-8CF8-CD41B9035FED}.Debug|Any CPU.ActiveCfg = Debug|Any CPU
		{F7D3F72D-741D-4F67-8CF8-CD41B9035FED}.Debug|Any CPU.Build.0 = Debug|Any CPU
		{F7D3F72D-741D-4F67-8CF8-CD41B9035FED}.Debug|x86.ActiveCfg = Debug|Any CPU
		{F7D3F72D-741D-4F67-8CF8-CD41B9035FED}.Debug|x86.Build.0 = Debug|Any CPU
		{F7D3F72D-741D-4F67-8CF8-CD41B9035FED}.Partial|Any CPU.ActiveCfg = Partial|Any CPU
		{F7D3F72D-741D-4F67-8CF8-CD41B9035FED}.Partial|Any CPU.Build.0 = Partial|Any CPU
		{F7D3F72D-741D-4F67-8CF8-CD41B9035FED}.Partial|x86.ActiveCfg = Partial|Any CPU
		{F7D3F72D-741D-4F67-8CF8-CD41B9035FED}.Release|Any CPU.ActiveCfg = Release|Any CPU
		{F7D3F72D-741D-4F67-8CF8-CD41B9035FED}.Release|Any CPU.Build.0 = Release|Any CPU
		{F7D3F72D-741D-4F67-8CF8-CD41B9035FED}.Release|x86.ActiveCfg = Release|Any CPU
		{61898D02-521F-49AB-928B-F80615D55CA3}.Debug|Any CPU.ActiveCfg = Debug|Any CPU
		{61898D02-521F-49AB-928B-F80615D55CA3}.Debug|Any CPU.Build.0 = Debug|Any CPU
		{61898D02-521F-49AB-928B-F80615D55CA3}.Debug|x86.ActiveCfg = Debug|Any CPU
		{61898D02-521F-49AB-928B-F80615D55CA3}.Debug|x86.Build.0 = Debug|Any CPU
		{61898D02-521F-49AB-928B-F80615D55CA3}.Partial|Any CPU.ActiveCfg = Release|Any CPU
		{61898D02-521F-49AB-928B-F80615D55CA3}.Partial|Any CPU.Build.0 = Release|Any CPU
		{61898D02-521F-49AB-928B-F80615D55CA3}.Partial|x86.ActiveCfg = Release|Any CPU
		{61898D02-521F-49AB-928B-F80615D55CA3}.Release|Any CPU.ActiveCfg = Release|Any CPU
		{61898D02-521F-49AB-928B-F80615D55CA3}.Release|Any CPU.Build.0 = Release|Any CPU
		{61898D02-521F-49AB-928B-F80615D55CA3}.Release|x86.ActiveCfg = Release|Any CPU
		{BA7FA363-61A1-41B1-945B-9B9C7BBCD357}.Debug|Any CPU.ActiveCfg = Debug|Any CPU
		{BA7FA363-61A1-41B1-945B-9B9C7BBCD357}.Debug|Any CPU.Build.0 = Debug|Any CPU
		{BA7FA363-61A1-41B1-945B-9B9C7BBCD357}.Debug|x86.ActiveCfg = Debug|Any CPU
		{BA7FA363-61A1-41B1-945B-9B9C7BBCD357}.Debug|x86.Build.0 = Debug|Any CPU
		{BA7FA363-61A1-41B1-945B-9B9C7BBCD357}.Partial|Any CPU.ActiveCfg = Partial|Any CPU
		{BA7FA363-61A1-41B1-945B-9B9C7BBCD357}.Partial|Any CPU.Build.0 = Partial|Any CPU
		{BA7FA363-61A1-41B1-945B-9B9C7BBCD357}.Partial|x86.ActiveCfg = Partial|Any CPU
		{BA7FA363-61A1-41B1-945B-9B9C7BBCD357}.Release|Any CPU.ActiveCfg = Release|Any CPU
		{BA7FA363-61A1-41B1-945B-9B9C7BBCD357}.Release|Any CPU.Build.0 = Release|Any CPU
		{BA7FA363-61A1-41B1-945B-9B9C7BBCD357}.Release|x86.ActiveCfg = Release|Any CPU
		{7D851227-5294-4BEB-990E-56B4FBB7A148}.Debug|Any CPU.ActiveCfg = Debug|Any CPU
		{7D851227-5294-4BEB-990E-56B4FBB7A148}.Debug|Any CPU.Build.0 = Debug|Any CPU
		{7D851227-5294-4BEB-990E-56B4FBB7A148}.Debug|x86.ActiveCfg = Debug|Any CPU
		{7D851227-5294-4BEB-990E-56B4FBB7A148}.Debug|x86.Build.0 = Debug|Any CPU
		{7D851227-5294-4BEB-990E-56B4FBB7A148}.Partial|Any CPU.ActiveCfg = Partial|Any CPU
		{7D851227-5294-4BEB-990E-56B4FBB7A148}.Partial|Any CPU.Build.0 = Partial|Any CPU
		{7D851227-5294-4BEB-990E-56B4FBB7A148}.Partial|x86.ActiveCfg = Partial|Any CPU
		{7D851227-5294-4BEB-990E-56B4FBB7A148}.Release|Any CPU.ActiveCfg = Release|Any CPU
		{7D851227-5294-4BEB-990E-56B4FBB7A148}.Release|Any CPU.Build.0 = Release|Any CPU
		{7D851227-5294-4BEB-990E-56B4FBB7A148}.Release|x86.ActiveCfg = Release|Any CPU
		{4D7D1542-2C5B-45D3-BC62-0D7290899EF7}.Debug|Any CPU.ActiveCfg = Debug|Any CPU
		{4D7D1542-2C5B-45D3-BC62-0D7290899EF7}.Debug|Any CPU.Build.0 = Debug|Any CPU
		{4D7D1542-2C5B-45D3-BC62-0D7290899EF7}.Debug|x86.ActiveCfg = Debug|Any CPU
		{4D7D1542-2C5B-45D3-BC62-0D7290899EF7}.Debug|x86.Build.0 = Debug|Any CPU
		{4D7D1542-2C5B-45D3-BC62-0D7290899EF7}.Partial|Any CPU.ActiveCfg = Partial|Any CPU
		{4D7D1542-2C5B-45D3-BC62-0D7290899EF7}.Partial|Any CPU.Build.0 = Partial|Any CPU
		{4D7D1542-2C5B-45D3-BC62-0D7290899EF7}.Partial|x86.ActiveCfg = Partial|Any CPU
		{4D7D1542-2C5B-45D3-BC62-0D7290899EF7}.Release|Any CPU.ActiveCfg = Release|Any CPU
		{4D7D1542-2C5B-45D3-BC62-0D7290899EF7}.Release|Any CPU.Build.0 = Release|Any CPU
		{4D7D1542-2C5B-45D3-BC62-0D7290899EF7}.Release|x86.ActiveCfg = Release|Any CPU
		{86EE7792-96CF-4420-997B-8C811E2B166D}.Debug|Any CPU.ActiveCfg = Debug|Any CPU
		{86EE7792-96CF-4420-997B-8C811E2B166D}.Debug|Any CPU.Build.0 = Debug|Any CPU
		{86EE7792-96CF-4420-997B-8C811E2B166D}.Debug|x86.ActiveCfg = Debug|Any CPU
		{86EE7792-96CF-4420-997B-8C811E2B166D}.Debug|x86.Build.0 = Debug|Any CPU
		{86EE7792-96CF-4420-997B-8C811E2B166D}.Partial|Any CPU.ActiveCfg = Release|Any CPU
		{86EE7792-96CF-4420-997B-8C811E2B166D}.Partial|Any CPU.Build.0 = Release|Any CPU
		{86EE7792-96CF-4420-997B-8C811E2B166D}.Partial|x86.ActiveCfg = Release|Any CPU
		{86EE7792-96CF-4420-997B-8C811E2B166D}.Release|Any CPU.ActiveCfg = Release|Any CPU
		{86EE7792-96CF-4420-997B-8C811E2B166D}.Release|Any CPU.Build.0 = Release|Any CPU
		{86EE7792-96CF-4420-997B-8C811E2B166D}.Release|x86.ActiveCfg = Release|Any CPU
		{CAFD6D4D-E5FB-4A6E-84FC-3185854CCD9D}.Debug|Any CPU.ActiveCfg = Debug|Any CPU
		{CAFD6D4D-E5FB-4A6E-84FC-3185854CCD9D}.Debug|Any CPU.Build.0 = Debug|Any CPU
		{CAFD6D4D-E5FB-4A6E-84FC-3185854CCD9D}.Debug|x86.ActiveCfg = Debug|Any CPU
		{CAFD6D4D-E5FB-4A6E-84FC-3185854CCD9D}.Debug|x86.Build.0 = Debug|Any CPU
		{CAFD6D4D-E5FB-4A6E-84FC-3185854CCD9D}.Partial|Any CPU.ActiveCfg = Partial|Any CPU
		{CAFD6D4D-E5FB-4A6E-84FC-3185854CCD9D}.Partial|Any CPU.Build.0 = Partial|Any CPU
		{CAFD6D4D-E5FB-4A6E-84FC-3185854CCD9D}.Partial|x86.ActiveCfg = Partial|Any CPU
		{CAFD6D4D-E5FB-4A6E-84FC-3185854CCD9D}.Release|Any CPU.ActiveCfg = Release|Any CPU
		{CAFD6D4D-E5FB-4A6E-84FC-3185854CCD9D}.Release|Any CPU.Build.0 = Release|Any CPU
		{CAFD6D4D-E5FB-4A6E-84FC-3185854CCD9D}.Release|x86.ActiveCfg = Release|Any CPU
		{76278145-7CCD-4411-9B8A-078708128571}.Debug|Any CPU.ActiveCfg = Debug|Any CPU
		{76278145-7CCD-4411-9B8A-078708128571}.Debug|Any CPU.Build.0 = Debug|Any CPU
		{76278145-7CCD-4411-9B8A-078708128571}.Debug|x86.ActiveCfg = Debug|Any CPU
		{76278145-7CCD-4411-9B8A-078708128571}.Debug|x86.Build.0 = Debug|Any CPU
		{76278145-7CCD-4411-9B8A-078708128571}.Partial|Any CPU.ActiveCfg = Partial|Any CPU
		{76278145-7CCD-4411-9B8A-078708128571}.Partial|Any CPU.Build.0 = Partial|Any CPU
		{76278145-7CCD-4411-9B8A-078708128571}.Partial|x86.ActiveCfg = Partial|Any CPU
		{76278145-7CCD-4411-9B8A-078708128571}.Release|Any CPU.ActiveCfg = Release|Any CPU
		{76278145-7CCD-4411-9B8A-078708128571}.Release|Any CPU.Build.0 = Release|Any CPU
		{76278145-7CCD-4411-9B8A-078708128571}.Release|x86.ActiveCfg = Release|Any CPU
		{18048DCC-7069-4BC1-8BE0-99010C7D9082}.Debug|Any CPU.ActiveCfg = Debug|Any CPU
		{18048DCC-7069-4BC1-8BE0-99010C7D9082}.Debug|Any CPU.Build.0 = Debug|Any CPU
		{18048DCC-7069-4BC1-8BE0-99010C7D9082}.Debug|x86.ActiveCfg = Debug|Any CPU
		{18048DCC-7069-4BC1-8BE0-99010C7D9082}.Debug|x86.Build.0 = Debug|Any CPU
		{18048DCC-7069-4BC1-8BE0-99010C7D9082}.Partial|Any CPU.ActiveCfg = Release|Any CPU
		{18048DCC-7069-4BC1-8BE0-99010C7D9082}.Partial|Any CPU.Build.0 = Release|Any CPU
		{18048DCC-7069-4BC1-8BE0-99010C7D9082}.Partial|x86.ActiveCfg = Release|Any CPU
		{18048DCC-7069-4BC1-8BE0-99010C7D9082}.Release|Any CPU.ActiveCfg = Release|Any CPU
		{18048DCC-7069-4BC1-8BE0-99010C7D9082}.Release|Any CPU.Build.0 = Release|Any CPU
		{18048DCC-7069-4BC1-8BE0-99010C7D9082}.Release|x86.ActiveCfg = Release|Any CPU
		{9DFB2234-A70C-4583-8674-EC33619BC25E}.Debug|Any CPU.ActiveCfg = Debug|Any CPU
		{9DFB2234-A70C-4583-8674-EC33619BC25E}.Debug|Any CPU.Build.0 = Debug|Any CPU
		{9DFB2234-A70C-4583-8674-EC33619BC25E}.Debug|x86.ActiveCfg = Debug|Any CPU
		{9DFB2234-A70C-4583-8674-EC33619BC25E}.Debug|x86.Build.0 = Debug|Any CPU
		{9DFB2234-A70C-4583-8674-EC33619BC25E}.Partial|Any CPU.ActiveCfg = Release|Any CPU
		{9DFB2234-A70C-4583-8674-EC33619BC25E}.Partial|Any CPU.Build.0 = Release|Any CPU
		{9DFB2234-A70C-4583-8674-EC33619BC25E}.Partial|x86.ActiveCfg = Release|Any CPU
		{9DFB2234-A70C-4583-8674-EC33619BC25E}.Release|Any CPU.ActiveCfg = Release|Any CPU
		{9DFB2234-A70C-4583-8674-EC33619BC25E}.Release|Any CPU.Build.0 = Release|Any CPU
		{9DFB2234-A70C-4583-8674-EC33619BC25E}.Release|x86.ActiveCfg = Release|Any CPU
		{5658AD7A-C9F7-4359-96A6-9EBC8CB1DCC8}.Debug|Any CPU.ActiveCfg = Debug|Any CPU
		{5658AD7A-C9F7-4359-96A6-9EBC8CB1DCC8}.Debug|Any CPU.Build.0 = Debug|Any CPU
		{5658AD7A-C9F7-4359-96A6-9EBC8CB1DCC8}.Debug|x86.ActiveCfg = Debug|Any CPU
		{5658AD7A-C9F7-4359-96A6-9EBC8CB1DCC8}.Debug|x86.Build.0 = Debug|Any CPU
		{5658AD7A-C9F7-4359-96A6-9EBC8CB1DCC8}.Partial|Any CPU.ActiveCfg = Release|Any CPU
		{5658AD7A-C9F7-4359-96A6-9EBC8CB1DCC8}.Partial|Any CPU.Build.0 = Release|Any CPU
		{5658AD7A-C9F7-4359-96A6-9EBC8CB1DCC8}.Partial|x86.ActiveCfg = Release|Any CPU
		{5658AD7A-C9F7-4359-96A6-9EBC8CB1DCC8}.Release|Any CPU.ActiveCfg = Release|Any CPU
		{5658AD7A-C9F7-4359-96A6-9EBC8CB1DCC8}.Release|Any CPU.Build.0 = Release|Any CPU
		{5658AD7A-C9F7-4359-96A6-9EBC8CB1DCC8}.Release|x86.ActiveCfg = Release|Any CPU
		{8BEE9C27-E196-4087-A531-128BBB5D0CBF}.Debug|Any CPU.ActiveCfg = Debug|Any CPU
		{8BEE9C27-E196-4087-A531-128BBB5D0CBF}.Debug|Any CPU.Build.0 = Debug|Any CPU
		{8BEE9C27-E196-4087-A531-128BBB5D0CBF}.Debug|x86.ActiveCfg = Debug|x86
		{8BEE9C27-E196-4087-A531-128BBB5D0CBF}.Debug|x86.Build.0 = Debug|x86
		{8BEE9C27-E196-4087-A531-128BBB5D0CBF}.Partial|Any CPU.ActiveCfg = Release|Any CPU
		{8BEE9C27-E196-4087-A531-128BBB5D0CBF}.Partial|Any CPU.Build.0 = Release|Any CPU
		{8BEE9C27-E196-4087-A531-128BBB5D0CBF}.Partial|x86.ActiveCfg = Release|x86
		{8BEE9C27-E196-4087-A531-128BBB5D0CBF}.Partial|x86.Build.0 = Release|x86
		{8BEE9C27-E196-4087-A531-128BBB5D0CBF}.Release|Any CPU.ActiveCfg = Release|Any CPU
		{8BEE9C27-E196-4087-A531-128BBB5D0CBF}.Release|Any CPU.Build.0 = Release|Any CPU
		{8BEE9C27-E196-4087-A531-128BBB5D0CBF}.Release|x86.ActiveCfg = Release|x86
		{8BEE9C27-E196-4087-A531-128BBB5D0CBF}.Release|x86.Build.0 = Release|x86
		{754D3A2B-2E78-472F-BFA4-939031D2FFE1}.Debug|Any CPU.ActiveCfg = Debug|Any CPU
		{754D3A2B-2E78-472F-BFA4-939031D2FFE1}.Debug|Any CPU.Build.0 = Debug|Any CPU
		{754D3A2B-2E78-472F-BFA4-939031D2FFE1}.Debug|x86.ActiveCfg = Debug|x86
		{754D3A2B-2E78-472F-BFA4-939031D2FFE1}.Debug|x86.Build.0 = Debug|x86
		{754D3A2B-2E78-472F-BFA4-939031D2FFE1}.Partial|Any CPU.ActiveCfg = Release|Any CPU
		{754D3A2B-2E78-472F-BFA4-939031D2FFE1}.Partial|Any CPU.Build.0 = Release|Any CPU
		{754D3A2B-2E78-472F-BFA4-939031D2FFE1}.Partial|x86.ActiveCfg = Release|x86
		{754D3A2B-2E78-472F-BFA4-939031D2FFE1}.Partial|x86.Build.0 = Release|x86
		{754D3A2B-2E78-472F-BFA4-939031D2FFE1}.Release|Any CPU.ActiveCfg = Release|Any CPU
		{754D3A2B-2E78-472F-BFA4-939031D2FFE1}.Release|Any CPU.Build.0 = Release|Any CPU
		{754D3A2B-2E78-472F-BFA4-939031D2FFE1}.Release|x86.ActiveCfg = Release|x86
		{754D3A2B-2E78-472F-BFA4-939031D2FFE1}.Release|x86.Build.0 = Release|x86
	EndGlobalSection
	GlobalSection(SolutionProperties) = preSolution
		HideSolutionNode = FALSE
	EndGlobalSection
	GlobalSection(NestedProjects) = preSolution
		{7F2DB6FE-C109-4057-B207-C62A767F905D} = {C091CA76-1473-476F-961B-A209A4B4D74A}
		{F2B51D08-498D-4C9F-8112-9521A7762B02} = {C091CA76-1473-476F-961B-A209A4B4D74A}
		{F7D3F72D-741D-4F67-8CF8-CD41B9035FED} = {C091CA76-1473-476F-961B-A209A4B4D74A}
		{61898D02-521F-49AB-928B-F80615D55CA3} = {C091CA76-1473-476F-961B-A209A4B4D74A}
		{76278145-7CCD-4411-9B8A-078708128571} = {C091CA76-1473-476F-961B-A209A4B4D74A}
		{BA7FA363-61A1-41B1-945B-9B9C7BBCD357} = {A5D15760-64E5-4522-B298-0249AAE6E124}
		{7D851227-5294-4BEB-990E-56B4FBB7A148} = {A5D15760-64E5-4522-B298-0249AAE6E124}
		{86EE7792-96CF-4420-997B-8C811E2B166D} = {A5D15760-64E5-4522-B298-0249AAE6E124}
		{CAFD6D4D-E5FB-4A6E-84FC-3185854CCD9D} = {A5D15760-64E5-4522-B298-0249AAE6E124}
	EndGlobalSection
EndGlobal
