
Microsoft Visual Studio Solution File, Format Version 12.00
# Visual Studio 2012
Project("{FAE04EC0-301F-11D3-BF4B-00C04F79EFBC}") = "Signum.Utilities", "Signum.Utilities\Signum.Utilities.csproj", "{F7D3F72D-741D-4F67-8CF8-CD41B9035FED}"
EndProject
Project("{FAE04EC0-301F-11D3-BF4B-00C04F79EFBC}") = "Signum.Entities", "Signum.Entities\Signum.Entities.csproj", "{F2B51D08-498D-4C9F-8112-9521A7762B02}"
EndProject
Project("{FAE04EC0-301F-11D3-BF4B-00C04F79EFBC}") = "Signum.Engine", "Signum.Engine\Signum.Engine.csproj", "{7F2DB6FE-C109-4057-B207-C62A767F905D}"
EndProject
Project("{FAE04EC0-301F-11D3-BF4B-00C04F79EFBC}") = "Signum.Test", "Signum.Test\Signum.Test.csproj", "{DE565EB3-EE44-469D-B6B9-C8F3CA0712EF}"
EndProject
Project("{FAE04EC0-301F-11D3-BF4B-00C04F79EFBC}") = "Signum.TSGenerator", "Signum.TSGenerator\Signum.TSGenerator.csproj", "{32990F1A-6A78-439E-8194-68F05AA1CCB1}"
EndProject
Project("{FAE04EC0-301F-11D3-BF4B-00C04F79EFBC}") = "Signum.MSBuildTask", "Signum.MSBuildTask\Signum.MSBuildTask.csproj", "{5D992EC2-1F54-4B7B-AF47-CB76E340B658}"
EndProject
Global
	GlobalSection(TestCaseManagementSettings) = postSolution
		CategoryFile = Signum.Framework.vsmdi
	EndGlobalSection
	GlobalSection(SolutionConfigurationPlatforms) = preSolution
		Debug|Any CPU = Debug|Any CPU
		Release|Any CPU = Release|Any CPU
	EndGlobalSection
	GlobalSection(ProjectConfigurationPlatforms) = postSolution
		{F7D3F72D-741D-4F67-8CF8-CD41B9035FED}.Debug|Any CPU.ActiveCfg = Debug|Any CPU
		{F7D3F72D-741D-4F67-8CF8-CD41B9035FED}.Debug|Any CPU.Build.0 = Debug|Any CPU
		{F7D3F72D-741D-4F67-8CF8-CD41B9035FED}.Release|Any CPU.ActiveCfg = Release|Any CPU
		{F7D3F72D-741D-4F67-8CF8-CD41B9035FED}.Release|Any CPU.Build.0 = Release|Any CPU
		{F2B51D08-498D-4C9F-8112-9521A7762B02}.Debug|Any CPU.ActiveCfg = Debug|Any CPU
		{F2B51D08-498D-4C9F-8112-9521A7762B02}.Debug|Any CPU.Build.0 = Debug|Any CPU
		{F2B51D08-498D-4C9F-8112-9521A7762B02}.Release|Any CPU.ActiveCfg = Release|Any CPU
		{F2B51D08-498D-4C9F-8112-9521A7762B02}.Release|Any CPU.Build.0 = Release|Any CPU
		{7F2DB6FE-C109-4057-B207-C62A767F905D}.Debug|Any CPU.ActiveCfg = Debug|Any CPU
		{7F2DB6FE-C109-4057-B207-C62A767F905D}.Debug|Any CPU.Build.0 = Debug|Any CPU
		{7F2DB6FE-C109-4057-B207-C62A767F905D}.Release|Any CPU.ActiveCfg = Release|Any CPU
		{7F2DB6FE-C109-4057-B207-C62A767F905D}.Release|Any CPU.Build.0 = Release|Any CPU
		{DE565EB3-EE44-469D-B6B9-C8F3CA0712EF}.Debug|Any CPU.ActiveCfg = Debug|Any CPU
		{DE565EB3-EE44-469D-B6B9-C8F3CA0712EF}.Debug|Any CPU.Build.0 = Debug|Any CPU
		{DE565EB3-EE44-469D-B6B9-C8F3CA0712EF}.Release|Any CPU.ActiveCfg = Release|Any CPU
		{DE565EB3-EE44-469D-B6B9-C8F3CA0712EF}.Release|Any CPU.Build.0 = Release|Any CPU
		{32990F1A-6A78-439E-8194-68F05AA1CCB1}.Debug|Any CPU.ActiveCfg = Debug|Any CPU
		{32990F1A-6A78-439E-8194-68F05AA1CCB1}.Debug|Any CPU.Build.0 = Debug|Any CPU
		{32990F1A-6A78-439E-8194-68F05AA1CCB1}.Release|Any CPU.ActiveCfg = Release|Any CPU
		{32990F1A-6A78-439E-8194-68F05AA1CCB1}.Release|Any CPU.Build.0 = Release|Any CPU
		{5D992EC2-1F54-4B7B-AF47-CB76E340B658}.Debug|Any CPU.ActiveCfg = Debug|Any CPU
		{5D992EC2-1F54-4B7B-AF47-CB76E340B658}.Debug|Any CPU.Build.0 = Debug|Any CPU
		{5D992EC2-1F54-4B7B-AF47-CB76E340B658}.Release|Any CPU.ActiveCfg = Release|Any CPU
		{5D992EC2-1F54-4B7B-AF47-CB76E340B658}.Release|Any CPU.Build.0 = Release|Any CPU
	EndGlobalSection
	GlobalSection(SolutionProperties) = preSolution
		HideSolutionNode = FALSE
	EndGlobalSection
EndGlobal
