# THIS IS AN AUTOGENERATED FILE. DO NOT EDIT THIS FILE DIRECTLY.
# yarn lockfile v1


"@types/codemirror@0.0.80":
  version "0.0.80"
  resolved "https://registry.yarnpkg.com/@types/codemirror/-/codemirror-0.0.80.tgz#c047bb30462582615c3d51e5be6155315f764427"
  dependencies:
    "@types/tern" "*"

"@types/draft-js@*":
  version "0.10.37"
  resolved "https://registry.yarnpkg.com/@types/draft-js/-/draft-js-0.10.37.tgz#41f3ddc64eb90d2ee7af73911c3f85e370aebdf1"
  dependencies:
    "@types/react" "*"
    immutable "~3.7.4"

"@types/estree@*":
  version "0.0.39"
  resolved "https://registry.yarnpkg.com/@types/estree/-/estree-0.0.39.tgz#e177e699ee1b8c22d23174caaa7422644389509f"

"@types/googlemaps@3.30.16":
  version "3.30.16"
  resolved "https://registry.yarnpkg.com/@types/googlemaps/-/googlemaps-3.30.16.tgz#3264d5ef7c3a92fab2a9f00e09e3247866ff3532"

"@types/prop-types@*":
  version "15.7.3"
  resolved "https://registry.yarnpkg.com/@types/prop-types/-/prop-types-15.7.3.tgz#2ab0d5da2e5815f94b0b9d4b95d1e5f243ab2ca7"

"@types/react-rte@0.16.1":
  version "0.16.1"
  resolved "https://registry.yarnpkg.com/@types/react-rte/-/react-rte-0.16.1.tgz#f4a8355208b81ef89d9e010ce94ba2e9fdd3b72e"
  dependencies:
    "@types/draft-js" "*"
    "@types/react" "*"

"@types/react@*":
  version "16.9.13"
  resolved "https://registry.yarnpkg.com/@types/react/-/react-16.9.13.tgz#b3ea5dd443f4a680599e2abba8cc66f5e1ce0059"
  dependencies:
    "@types/prop-types" "*"
    csstype "^2.2.0"

"@types/tern@*":
  version "0.23.3"
  resolved "https://registry.yarnpkg.com/@types/tern/-/tern-0.23.3.tgz#4b54538f04a88c9ff79de1f6f94f575a7f339460"
  dependencies:
    "@types/estree" "*"

csstype@^2.2.0:
  version "2.6.7"
  resolved "https://registry.yarnpkg.com/csstype/-/csstype-2.6.7.tgz#20b0024c20b6718f4eda3853a1f5a1cce7f5e4a5"

immutable@~3.7.4:
  version "3.7.6"
  resolved "https://registry.yarnpkg.com/immutable/-/immutable-3.7.6.tgz#13b4d3cb12befa15482a26fe1b2ebae640071e4b"
