# THIS IS AN AUTOGENERATED FILE. DO NOT EDIT THIS FILE DIRECTLY.
# yarn lockfile v1


"@types/codemirror@0.0.95":
  version "0.0.95"
  resolved "https://artifactory.controlexpert.com:443/artifactory/api/npm/npm-all/@types/codemirror/-/codemirror-0.0.95.tgz#8fe424989cd5a6d7848f124774d42ef34d91adb8"
  integrity sha1-j+QkmJzVpteEjxJHdNQu802Rrbg=
  dependencies:
    "@types/tern" "*"

"@types/draft-js@0.10.40":
  version "0.10.40"
  resolved "https://artifactory.controlexpert.com:443/artifactory/api/npm/npm-all/@types/draft-js/-/draft-js-0.10.40.tgz#d722364aa46f5a998fc22c79a5157edf336c7350"
  integrity sha1-1yI2SqRvWpmPwix5pRV+3zNsc1A=
  dependencies:
    "@types/react" "*"
    immutable "~3.7.4"

"@types/estree@*":
  version "0.0.45"
  resolved "https://artifactory.controlexpert.com:443/artifactory/api/npm/npm-all/@types/estree/-/estree-0.0.45.tgz#e9387572998e5ecdac221950dab3e8c3b16af884"
  integrity sha1-6Th1cpmOXs2sIhlQ2rPow7Fq+IQ=

"@types/googlemaps@3.39.6":
  version "3.39.6"
  resolved "https://artifactory.controlexpert.com:443/artifactory/api/npm/npm-all/@types/googlemaps/-/googlemaps-3.39.6.tgz#ca76df823fb4a8bd78bf47bd215fc70417a9ae51"
  integrity sha1-ynbfgj+0qL14v0e9IV/HBBeprlE=

"@types/prop-types@*":
  version "15.7.3"
  resolved "https://artifactory.controlexpert.com:443/artifactory/api/npm/npm-all/@types/prop-types/-/prop-types-15.7.3.tgz#2ab0d5da2e5815f94b0b9d4b95d1e5f243ab2ca7"
  integrity sha1-KrDV2i5YFflLC51LldHl8kOrLKc=

"@types/react@*":
  version "16.9.53"
  resolved "https://artifactory.controlexpert.com:443/artifactory/api/npm/npm-all/@types/react/-/react-16.9.53.tgz#40cd4f8b8d6b9528aedd1fff8fcffe7a112a3d23"
  integrity sha1-QM1Pi41rlSiu3R//j8/+ehEqPSM=
  dependencies:
    "@types/prop-types" "*"
    csstype "^3.0.2"

"@types/react@16.9.49":
  version "16.9.49"
  resolved "https://artifactory.controlexpert.com:443/artifactory/api/npm/npm-all/@types/react/-/react-16.9.49.tgz#09db021cf8089aba0cdb12a49f8021a69cce4872"
  integrity sha1-CdsCHPgImroM2xKkn4AhppzOSHI=
  dependencies:
    "@types/prop-types" "*"
    csstype "^3.0.2"

"@types/tern@*":
  version "0.23.3"
  resolved "https://artifactory.controlexpert.com:443/artifactory/api/npm/npm-all/@types/tern/-/tern-0.23.3.tgz#4b54538f04a88c9ff79de1f6f94f575a7f339460"
  integrity sha1-S1RTjwSojJ/3neH2+U9XWn8zlGA=
  dependencies:
    "@types/estree" "*"

asap@~2.0.3:
  version "2.0.6"
  resolved "https://artifactory.controlexpert.com:443/artifactory/api/npm/npm-all/asap/-/asap-2.0.6.tgz#e50347611d7e690943208bbdafebcbc2fb866d46"
  integrity sha1-5QNHYR1+aQlDIIu9r+vLwvuGbUY=

core-js@^2.4.1:
  version "2.6.11"
  resolved "https://artifactory.controlexpert.com:443/artifactory/api/npm/npm-all/core-js/-/core-js-2.6.11.tgz#38831469f9922bded8ee21c9dc46985e0399308c"
  integrity sha1-OIMUafmSK97Y7iHJ3EaYXgOZMIw=

csstype@^3.0.2:
  version "3.0.4"
  resolved "https://artifactory.controlexpert.com:443/artifactory/api/npm/npm-all/csstype/-/csstype-3.0.4.tgz#b156d7be03b84ff425c9a0a4b1e5f4da9c5ca888"
  integrity sha1-sVbXvgO4T/QlyaCkseX02pxcqIg=

draft-js@0.11.5:
  version "0.11.5"
  resolved "https://artifactory.controlexpert.com:443/artifactory/api/npm/npm-all/draft-js/-/draft-js-0.11.5.tgz#b5dd30c30c9316801ab9766d45a8f88b1cd43b2c"
  integrity sha1-td0wwwyTFoAauXZtRaj4ixzUOyw=
  dependencies:
    fbjs "^1.0.0"
    immutable "~3.7.4"
    object-assign "^4.1.1"

draftjs-to-html@0.9.1:
  version "0.9.1"
  resolved "https://artifactory.controlexpert.com:443/artifactory/api/npm/npm-all/draftjs-to-html/-/draftjs-to-html-0.9.1.tgz#1c870fbb588d2390204cb4d0ee7e04ad0c709969"
  integrity sha1-HIcPu1iNI5AgTLTQ7n4ErQxwmWk=

encoding@^0.1.11:
  version "0.1.13"
  resolved "https://artifactory.controlexpert.com:443/artifactory/api/npm/npm-all/encoding/-/encoding-0.1.13.tgz#56574afdd791f54a8e9b2785c0582a2d26210fa9"
  integrity sha1-VldK/deR9UqOmyeFwFgqLSYhD6k=
  dependencies:
    iconv-lite "^0.6.2"

fbjs-css-vars@^1.0.0:
  version "1.0.2"
  resolved "https://artifactory.controlexpert.com:443/artifactory/api/npm/npm-all/fbjs-css-vars/-/fbjs-css-vars-1.0.2.tgz#216551136ae02fe255932c3ec8775f18e2c078b8"
  integrity sha1-IWVRE2rgL+JVkyw+yHdfGOLAeLg=

fbjs@^1.0.0:
  version "1.0.0"
  resolved "https://artifactory.controlexpert.com:443/artifactory/api/npm/npm-all/fbjs/-/fbjs-1.0.0.tgz#52c215e0883a3c86af2a7a776ed51525ae8e0a5a"
  integrity sha1-UsIV4Ig6PIavKnp3btUVJa6OClo=
  dependencies:
    core-js "^2.4.1"
    fbjs-css-vars "^1.0.0"
    isomorphic-fetch "^2.1.1"
    loose-envify "^1.0.0"
    object-assign "^4.1.0"
    promise "^7.1.1"
    setimmediate "^1.0.5"
    ua-parser-js "^0.7.18"

html-to-draftjs@1.5.0:
  version "1.5.0"
  resolved "https://artifactory.controlexpert.com:443/artifactory/api/npm/npm-all/html-to-draftjs/-/html-to-draftjs-1.5.0.tgz#0df0eabf429deaedb63f5c859889e2c983606e86"
  integrity sha1-DfDqv0Kd6u22P1yFmIniyYNgboY=

iconv-lite@^0.6.2:
  version "0.6.2"
  resolved "https://artifactory.controlexpert.com:443/artifactory/api/npm/npm-all/iconv-lite/-/iconv-lite-0.6.2.tgz#ce13d1875b0c3a674bd6a04b7f76b01b1b6ded01"
  integrity sha1-zhPRh1sMOmdL1qBLf3awGxtt7QE=
  dependencies:
    safer-buffer ">= 2.1.2 < 3.0.0"

immutable@~3.7.4:
  version "3.7.6"
  resolved "https://artifactory.controlexpert.com:443/artifactory/api/npm/npm-all/immutable/-/immutable-3.7.6.tgz#13b4d3cb12befa15482a26fe1b2ebae640071e4b"
  integrity sha1-E7TTyxK++hVIKib+Gy665kAHHks=

is-stream@^1.0.1:
  version "1.1.0"
  resolved "https://artifactory.controlexpert.com:443/artifactory/api/npm/npm-all/is-stream/-/is-stream-1.1.0.tgz#12d4a3dd4e68e0b79ceb8dbc84173ae80d91ca44"
  integrity sha1-EtSj3U5o4Lec6428hBc66A2RykQ=

isomorphic-fetch@^2.1.1:
  version "2.2.1"
  resolved "https://artifactory.controlexpert.com:443/artifactory/api/npm/npm-all/isomorphic-fetch/-/isomorphic-fetch-2.2.1.tgz#611ae1acf14f5e81f729507472819fe9733558a9"
  integrity sha1-YRrhrPFPXoH3KVB0coGf6XM1WKk=
  dependencies:
    node-fetch "^1.0.1"
    whatwg-fetch ">=0.10.0"

"js-tokens@^3.0.0 || ^4.0.0":
  version "4.0.0"
  resolved "https://artifactory.controlexpert.com:443/artifactory/api/npm/npm-all/js-tokens/-/js-tokens-4.0.0.tgz#19203fb59991df98e3a287050d4647cdeaf32499"
  integrity sha1-GSA/tZmR35jjoocFDUZHzerzJJk=

loose-envify@^1.0.0, loose-envify@^1.1.0, loose-envify@^1.4.0:
  version "1.4.0"
  resolved "https://artifactory.controlexpert.com:443/artifactory/api/npm/npm-all/loose-envify/-/loose-envify-1.4.0.tgz#71ee51fa7be4caec1a63839f7e682d8132d30caf"
  integrity sha1-ce5R+nvkyuwaY4OffmgtgTLTDK8=
  dependencies:
    js-tokens "^3.0.0 || ^4.0.0"

node-fetch@^1.0.1:
  version "1.7.3"
  resolved "https://artifactory.controlexpert.com:443/artifactory/api/npm/npm-all/node-fetch/-/node-fetch-1.7.3.tgz#980f6f72d85211a5347c6b2bc18c5b84c3eb47ef"
  integrity sha1-mA9vcthSEaU0fGsrwYxbhMPrR+8=
  dependencies:
    encoding "^0.1.11"
    is-stream "^1.0.1"

object-assign@^4.1.0, object-assign@^4.1.1:
  version "4.1.1"
  resolved "https://artifactory.controlexpert.com:443/artifactory/api/npm/npm-all/object-assign/-/object-assign-4.1.1.tgz#2109adc7965887cfc05cbbd442cac8bfbb360863"
  integrity sha1-IQmtx5ZYh8/AXLvUQsrIv7s2CGM=

promise@^7.1.1:
  version "7.3.1"
  resolved "https://artifactory.controlexpert.com:443/artifactory/api/npm/npm-all/promise/-/promise-7.3.1.tgz#064b72602b18f90f29192b8b1bc418ffd1ebd3bf"
  integrity sha1-BktyYCsY+Q8pGSuLG8QY/9Hr078=
  dependencies:
    asap "~2.0.3"

prop-types@^15.6.2:
  version "15.7.2"
  resolved "https://artifactory.controlexpert.com:443/artifactory/api/npm/npm-all/prop-types/-/prop-types-15.7.2.tgz#52c41e75b8c87e72b9d9360e0206b99dcbffa6c5"
  integrity sha1-UsQedbjIfnK52TYOAga5ncv/psU=
  dependencies:
    loose-envify "^1.4.0"
    object-assign "^4.1.1"
    react-is "^16.8.1"

react-dom@16.13.1:
  version "16.13.1"
  resolved "https://artifactory.controlexpert.com:443/artifactory/api/npm/npm-all/react-dom/-/react-dom-16.13.1.tgz#c1bd37331a0486c078ee54c4740720993b2e0e7f"
  integrity sha1-wb03MxoEhsB47lTEdAcgmTsuDn8=
  dependencies:
    loose-envify "^1.1.0"
    object-assign "^4.1.1"
    prop-types "^15.6.2"
    scheduler "^0.19.1"

react-is@^16.8.1:
  version "16.13.1"
  resolved "https://artifactory.controlexpert.com:443/artifactory/api/npm/npm-all/react-is/-/react-is-16.13.1.tgz#789729a4dc36de2999dc156dd6c1d9c18cea56a4"
  integrity sha1-eJcppNw23imZ3BVt1sHZwYzqVqQ=

react@16.13.1:
  version "16.13.1"
  resolved "https://artifactory.controlexpert.com:443/artifactory/api/npm/npm-all/react/-/react-16.13.1.tgz#2e818822f1a9743122c063d6410d85c1e3afe48e"
  integrity sha1-LoGIIvGpdDEiwGPWQQ2FweOv5I4=
  dependencies:
    loose-envify "^1.1.0"
    object-assign "^4.1.1"
    prop-types "^15.6.2"

"safer-buffer@>= 2.1.2 < 3.0.0":
  version "2.1.2"
  resolved "https://artifactory.controlexpert.com:443/artifactory/api/npm/npm-all/safer-buffer/-/safer-buffer-2.1.2.tgz#44fa161b0187b9549dd84bb91802f9bd8385cd6a"
  integrity sha1-RPoWGwGHuVSd2Eu5GAL5vYOFzWo=

scheduler@^0.19.1:
  version "0.19.1"
  resolved "https://artifactory.controlexpert.com:443/artifactory/api/npm/npm-all/scheduler/-/scheduler-0.19.1.tgz#4f3e2ed2c1a7d65681f4c854fa8c5a1ccb40f196"
  integrity sha1-Tz4u0sGn1laB9MhU+oxaHMtA8ZY=
  dependencies:
    loose-envify "^1.1.0"
    object-assign "^4.1.1"

setimmediate@^1.0.5:
  version "1.0.5"
  resolved "https://artifactory.controlexpert.com:443/artifactory/api/npm/npm-all/setimmediate/-/setimmediate-1.0.5.tgz#290cbb232e306942d7d7ea9b83732ab7856f8285"
  integrity sha1-KQy7Iy4waULX1+qbg3Mqt4VvgoU=

ua-parser-js@^0.7.18:
  version "0.7.22"
  resolved "https://artifactory.controlexpert.com:443/artifactory/api/npm/npm-all/ua-parser-js/-/ua-parser-js-0.7.22.tgz#960df60a5f911ea8f1c818f3747b99c6e177eae3"
  integrity sha1-lg32Cl+RHqjxyBjzdHuZxuF36uM=

whatwg-fetch@>=0.10.0:
  version "3.4.1"
  resolved "https://artifactory.controlexpert.com:443/artifactory/api/npm/npm-all/whatwg-fetch/-/whatwg-fetch-3.4.1.tgz#e5f871572d6879663fa5674c8f833f15a8425ab3"
  integrity sha1-5fhxVy1oeWY/pWdMj4M/FahCWrM=
