# THIS IS AN AUTOGENERATED FILE. DO NOT EDIT THIS FILE DIRECTLY.
# yarn lockfile v1


"@babel/runtime@^7.12.1", "@babel/runtime@^7.5.5", "@babel/runtime@^7.6.3", "@babel/runtime@^7.8.7":
  version "7.12.5"
  resolved "https://registry.yarnpkg.com/@babel/runtime/-/runtime-7.12.5.tgz#410e7e487441e1b360c29be715d870d9b985882e"
  integrity sha512-plcc+hbExy3McchJCEQG3knOsuh3HH+Prx1P6cLIkET/0dLuQDEnrT+s27Axgc9bqfsmNUNHfscgMUdBpC9xfg==
  dependencies:
    regenerator-runtime "^0.13.4"

"@babel/runtime@^7.13.8":
  version "7.13.10"
  resolved "https://registry.yarnpkg.com/@babel/runtime/-/runtime-7.13.10.tgz#47d42a57b6095f4468da440388fdbad8bebf0d7d"
  integrity sha512-4QPkjJq6Ns3V/RgpEahRk+AGfL0eO6RHHtTWoNNr5mO49G6B5+X6d6THgWEAvTrznU5xYpbAlVKRYcsCgh/Akw==
  dependencies:
    regenerator-runtime "^0.13.4"

"@fortawesome/fontawesome-common-types@^0.2.32":
  version "0.2.32"
  resolved "https://registry.yarnpkg.com/@fortawesome/fontawesome-common-types/-/fontawesome-common-types-0.2.32.tgz#3436795d5684f22742989bfa08f46f50f516f259"
  integrity sha512-ux2EDjKMpcdHBVLi/eWZynnPxs0BtFVXJkgHIxXRl+9ZFaHPvYamAfCzeeQFqHRjuJtX90wVnMRaMQAAlctz3w==

"@fortawesome/fontawesome-common-types@^0.2.35":
  version "0.2.35"
  resolved "https://registry.yarnpkg.com/@fortawesome/fontawesome-common-types/-/fontawesome-common-types-0.2.35.tgz#01dd3d054da07a00b764d78748df20daf2b317e9"
  integrity sha512-IHUfxSEDS9dDGqYwIW7wTN6tn/O8E0n5PcAHz9cAaBoZw6UpG20IG/YM3NNLaGPwPqgjBAFjIURzqoQs3rrtuw==

"@fortawesome/fontawesome-svg-core@1.2.35":
  version "1.2.35"
  resolved "https://registry.yarnpkg.com/@fortawesome/fontawesome-svg-core/-/fontawesome-svg-core-1.2.35.tgz#85aea8c25645fcec88d35f2eb1045c38d3e65cff"
  integrity sha512-uLEXifXIL7hnh2sNZQrIJWNol7cTVIzwI+4qcBIq9QWaZqUblm0IDrtSqbNg+3SQf8SMGHkiSigD++rHmCHjBg==
  dependencies:
    "@fortawesome/fontawesome-common-types" "^0.2.35"

"@fortawesome/free-brands-svg-icons@5.15.1":
  version "5.15.1"
  resolved "https://registry.yarnpkg.com/@fortawesome/free-brands-svg-icons/-/free-brands-svg-icons-5.15.1.tgz#1dc0563f4036639e53d24b8e532ea78a53ca2250"
  integrity sha512-pkTZIWn7iuliCCgV+huDfZmZb2UjslalXGDA2PcqOVUYJmYL11y6ooFiMJkJvUZu+xgAc1gZgQe+Px12mZF0CA==
  dependencies:
    "@fortawesome/fontawesome-common-types" "^0.2.32"

"@fortawesome/free-regular-svg-icons@5.15.3":
  version "5.15.3"
  resolved "https://registry.yarnpkg.com/@fortawesome/free-regular-svg-icons/-/free-regular-svg-icons-5.15.3.tgz#1ec4f2410ff638db549c5c5484fc60b66407dbe6"
  integrity sha512-q4/p8Xehy9qiVTdDWHL4Z+o5PCLRChePGZRTXkl+/Z7erDVL8VcZUuqzJjs6gUz6czss4VIPBRdCz6wP37/zMQ==
  dependencies:
    "@fortawesome/fontawesome-common-types" "^0.2.35"

"@fortawesome/free-solid-svg-icons@5.15.3":
  version "5.15.3"
  resolved "https://registry.yarnpkg.com/@fortawesome/free-solid-svg-icons/-/free-solid-svg-icons-5.15.3.tgz#52eebe354f60dc77e0bde934ffc5c75ffd04f9d8"
  integrity sha512-XPeeu1IlGYqz4VWGRAT5ukNMd4VHUEEJ7ysZ7pSSgaEtNvSo+FLurybGJVmiqkQdK50OkSja2bfZXOeyMGRD8Q==
  dependencies:
    "@fortawesome/fontawesome-common-types" "^0.2.35"

"@fortawesome/react-fontawesome@0.1.14":
  version "0.1.14"
  resolved "https://registry.yarnpkg.com/@fortawesome/react-fontawesome/-/react-fontawesome-0.1.14.tgz#bf28875c3935b69ce2dc620e1060b217a47f64ca"
  integrity sha512-4wqNb0gRLVaBm/h+lGe8UfPPivcbuJ6ecI4hIgW0LjI7kzpYB9FkN0L9apbVzg+lsBdcTf0AlBtODjcSX5mmKA==
  dependencies:
    prop-types "^15.7.2"

"@popperjs/core@^2.5.3":
  version "2.6.0"
  resolved "https://registry.yarnpkg.com/@popperjs/core/-/core-2.6.0.tgz#f022195afdfc942e088ee2101285a1d31c7d727f"
  integrity sha512-cPqjjzuFWNK3BSKLm0abspP0sp/IGOli4p5I5fKFAzdS8fvjdOwDCfZqAaIiXd9lPkOWi3SUUfZof3hEb7J/uw==

"@restart/context@^2.1.4":
  version "2.1.4"
  resolved "https://registry.yarnpkg.com/@restart/context/-/context-2.1.4.tgz#a99d87c299a34c28bd85bb489cb07bfd23149c02"
  integrity sha512-INJYZQJP7g+IoDUh/475NlGiTeMfwTXUEr3tmRneckHIxNolGOW9CTq83S8cxq0CgJwwcMzMJFchxvlwe7Rk8Q==

"@restart/hooks@^0.3.25":
  version "0.3.25"
  resolved "https://registry.yarnpkg.com/@restart/hooks/-/hooks-0.3.25.tgz#11004139ad1c70d2f5965a8939dcb5aeb96aa652"
  integrity sha512-m2v3N5pxTsIiSH74/sb1yW8D9RxkJidGW+5Mfwn/lHb2QzhZNlaU1su7abSyT9EGf0xS/0waLjrf7/XxQHUk7w==
  dependencies:
    lodash "^4.17.15"
    lodash-es "^4.17.15"

"@restart/hooks@^0.3.26":
  version "0.3.26"
  resolved "https://registry.yarnpkg.com/@restart/hooks/-/hooks-0.3.26.tgz#ade155a7b0b014ef1073391dda46972c3a14a129"
  integrity sha512-7Hwk2ZMYm+JLWcb7R9qIXk1OoUg1Z+saKWqZXlrvFwT3w6UArVNWgxYOzf+PJoK9zZejp8okPAKTctthhXLt5g==
  dependencies:
    lodash "^4.17.20"
    lodash-es "^4.17.20"

"@types/classnames@^2.2.10", "@types/classnames@^2.2.11":
  version "2.2.11"
  resolved "https://registry.yarnpkg.com/@types/classnames/-/classnames-2.2.11.tgz#2521cc86f69d15c5b90664e4829d84566052c1cf"
  integrity sha512-2koNhpWm3DgWRp5tpkiJ8JGc1xTn2q0l+jUNUE7oMKXUf5NpI9AIdC4kbjGNFBdHtcxBD18LAksoudAVhFKCjw==

"@types/d3-array@*":
  version "2.8.0"
  resolved "https://registry.yarnpkg.com/@types/d3-array/-/d3-array-2.8.0.tgz#4b70ccb0c6d2ef28dac1e7e653b3ecd1f4b1d1ee"
  integrity sha512-Q0ubcGHAmCRPh90/hoYB4eKWhxYKUxphwSeQrlz2tiabQ8S9zqhaE2CZJtCaLH2cjqKcjr52WPvmOA7ha0O4ZA==

"@types/d3-axis@*":
  version "2.0.0"
  resolved "https://registry.yarnpkg.com/@types/d3-axis/-/d3-axis-2.0.0.tgz#a3e7534d3c399c20ba42ec3093dd2a385659366e"
  integrity sha512-gUdlEwGBLl3tXGiBnBNmNzph9W3bCfa4tBgWZD60Z1eDQKTY4zyCAcZ3LksignGfKawYatmDYcBdjJ5h/54sqA==
  dependencies:
    "@types/d3-selection" "*"

"@types/d3-brush@*":
  version "2.1.0"
  resolved "https://registry.yarnpkg.com/@types/d3-brush/-/d3-brush-2.1.0.tgz#c51ad1ab93887b23be7637d2100540f1df0dac00"
  integrity sha512-rLQqxQeXWF4ArXi81GlV8HBNwJw9EDpz0jcWvvzv548EDE4tXrayBTOHYi/8Q4FZ/Df8PGXFzxpAVQmJMjOtvQ==
  dependencies:
    "@types/d3-selection" "*"

"@types/d3-chord@*":
  version "2.0.0"
  resolved "https://registry.yarnpkg.com/@types/d3-chord/-/d3-chord-2.0.0.tgz#8d7085e2828418f2c5087e512f276559499bacfd"
  integrity sha512-3nHsLY7lImpZlM/hrPeDqqW2a+lRXXoHsG54QSurDGihZAIE/doQlohs0evoHrWOJqXyn4A4xbSVEtXnMEZZiw==

"@types/d3-color@*":
  version "2.0.1"
  resolved "https://registry.yarnpkg.com/@types/d3-color/-/d3-color-2.0.1.tgz#570ea7f8b853461301804efa52bd790a640a26db"
  integrity sha512-u7LTCL7RnaavFSmob2rIAJLNwu50i6gFwY9cHFr80BrQURYQBRkJ+Yv47nA3Fm7FeRhdWTiVTeqvSeOuMAOzBQ==

"@types/d3-contour@*":
  version "2.0.0"
  resolved "https://registry.yarnpkg.com/@types/d3-contour/-/d3-contour-2.0.0.tgz#6e079f281b29a8df3fcbd3ec193f2cf1d0b4a584"
  integrity sha512-PS9UO6zBQqwHXsocbpdzZFONgK1oRUgWtjjh/iz2vM06KaXLInLiKZ9e3OLBRerc1cU2uJYpO+8zOnb6frvCGQ==
  dependencies:
    "@types/d3-array" "*"
    "@types/geojson" "*"

"@types/d3-delaunay@*":
  version "5.3.0"
  resolved "https://registry.yarnpkg.com/@types/d3-delaunay/-/d3-delaunay-5.3.0.tgz#416169bb5c67a510c87b55d092a404fcab49def3"
  integrity sha512-gJYcGxLu0xDZPccbUe32OUpeaNtd1Lz0NYJtko6ZLMyG2euF4pBzrsQXms67LHZCDFzzszw+dMhSL/QAML3bXw==

"@types/d3-dispatch@*":
  version "2.0.0"
  resolved "https://registry.yarnpkg.com/@types/d3-dispatch/-/d3-dispatch-2.0.0.tgz#1f8803041b73b81f2c751e026b7bb63dd5f24ce0"
  integrity sha512-Sh0KW6z/d7uxssD7K4s4uCSzlEG/+SP+U47q098NVdOfFvUKNTvKAIV4XqjxsUuhE/854ARAREHOxkr9gQOCyg==

"@types/d3-drag@*":
  version "2.0.0"
  resolved "https://registry.yarnpkg.com/@types/d3-drag/-/d3-drag-2.0.0.tgz#ef66acc422576fbe10b8bd66af45a9fb8525199a"
  integrity sha512-VaUJPjbMnDn02tcRqsHLRAX5VjcRIzCjBfeXTLGe6QjMn5JccB5Cz4ztMRXMJfkbC45ovgJFWuj6DHvWMX1thA==
  dependencies:
    "@types/d3-selection" "*"

"@types/d3-dsv@*":
  version "2.0.0"
  resolved "https://registry.yarnpkg.com/@types/d3-dsv/-/d3-dsv-2.0.0.tgz#c9fb8b2f0f7168d21a6bbd29492141bfd1b8db16"
  integrity sha512-wYqy7T8tQ/DmocwxmlPujllLI5fg3lb6/FrVVWkLUD+NsRV+kcE4nbRZg10G9yjJ8pK2ZXqu+VP5jQbN13uNRQ==

"@types/d3-ease@*":
  version "2.0.0"
  resolved "https://registry.yarnpkg.com/@types/d3-ease/-/d3-ease-2.0.0.tgz#798cbd9908d26cfe9f1a295a3a75164da9a3666e"
  integrity sha512-6aZrTyX5LG+ptofVHf+gTsThLRY1nhLotJjgY4drYqk1OkJMu2UvuoZRlPw2fffjRHeYepue3/fxTufqKKmvsA==

"@types/d3-fetch@*":
  version "2.0.0"
  resolved "https://registry.yarnpkg.com/@types/d3-fetch/-/d3-fetch-2.0.0.tgz#580846256ed0011b36a08ebb36924e0dff70e27e"
  integrity sha512-WnLepGtxepFfXRdPI8I5FTgNiHn9p4vMTTqaNCzJJfAswXx0rOY2jjeolzEU063em3iJmGZ+U79InnEeFOrCRw==
  dependencies:
    "@types/d3-dsv" "*"

"@types/d3-force@*":
  version "2.1.0"
  resolved "https://registry.yarnpkg.com/@types/d3-force/-/d3-force-2.1.0.tgz#6a2210f04d02a0862c6b069de91bad904143e7b5"
  integrity sha512-LGDtC2YADu8OBniq9EBx/MOsXsMcJbEkmfSpXuz6oVdRamB+3CLCiq5EKFPEILGZQckkilGFq1ZTJ7kc289k+Q==

"@types/d3-format@*":
  version "2.0.0"
  resolved "https://registry.yarnpkg.com/@types/d3-format/-/d3-format-2.0.0.tgz#607d261cb268f0a027f100575491031539a40ee6"
  integrity sha512-uagdkftxnGkO4pZw5jEYOM5ZnZOEsh7z8j11Qxk85UkB2RzfUUxRl7R9VvvJZHwKn8l+x+rpS77Nusq7FkFmIg==

"@types/d3-geo@*":
  version "2.0.0"
  resolved "https://registry.yarnpkg.com/@types/d3-geo/-/d3-geo-2.0.0.tgz#6f179512343c2d30e06acde190abfacf44b2d264"
  integrity sha512-DHHgYXW36lnAEQMYU2udKVOxxljHrn2EdOINeSC9jWCAXwOnGn7A19B8sNsHqgpu4F7O2bSD7//cqBXD3W0Deg==
  dependencies:
    "@types/geojson" "*"

"@types/d3-hierarchy@*":
  version "2.0.0"
  resolved "https://registry.yarnpkg.com/@types/d3-hierarchy/-/d3-hierarchy-2.0.0.tgz#92079d9dbcec1dfe2736fb050a8bf916e5850a1c"
  integrity sha512-YxdskUvwzqggpnSnDQj4KVkicgjpkgXn/g/9M9iGsiToLS3nG6Ytjo1FoYhYVAAElV/fJBGVL3cQ9Hb7tcv+lw==

"@types/d3-interpolate@*":
  version "2.0.0"
  resolved "https://registry.yarnpkg.com/@types/d3-interpolate/-/d3-interpolate-2.0.0.tgz#325029216dc722c1c68c33ccda759f1209d35823"
  integrity sha512-Wt1v2zTlEN8dSx8hhx6MoOhWQgTkz0Ukj7owAEIOF2QtI0e219paFX9rf/SLOr/UExWb1TcUzatU8zWwFby6gg==
  dependencies:
    "@types/d3-color" "*"

"@types/d3-path@*":
  version "2.0.0"
  resolved "https://registry.yarnpkg.com/@types/d3-path/-/d3-path-2.0.0.tgz#dcc7f5ecadf52b0c0c39f6c1def3733195e4b199"
  integrity sha512-tXcR/9OtDdeCIsyl6eTNHC3XOAOdyc6ceF3QGBXOd9jTcK+ex/ecr00p9L9362e/op3UEPpxrToi1FHrtTSj7Q==

"@types/d3-path@^1":
  version "1.0.9"
  resolved "https://registry.yarnpkg.com/@types/d3-path/-/d3-path-1.0.9.tgz#73526b150d14cd96e701597cbf346cfd1fd4a58c"
  integrity sha512-NaIeSIBiFgSC6IGUBjZWcscUJEq7vpVu7KthHN8eieTV9d9MqkSOZLH4chq1PmcKy06PNe3axLeKmRIyxJ+PZQ==

"@types/d3-polygon@*":
  version "2.0.0"
  resolved "https://registry.yarnpkg.com/@types/d3-polygon/-/d3-polygon-2.0.0.tgz#8b1df0a1358016e62c4961b01e8dc8e5ab4c64e5"
  integrity sha512-fISnMd8ePED1G4aa4V974Jmt+ajHSgPoxMa2D0ULxMybpx0Vw4WEzhQEaMIrL3hM8HVRcKTx669I+dTy/4PhAw==

"@types/d3-quadtree@*":
  version "2.0.0"
  resolved "https://registry.yarnpkg.com/@types/d3-quadtree/-/d3-quadtree-2.0.0.tgz#b17e953dc061e083966075bba0d3a9a259812150"
  integrity sha512-YZuJuGBnijD0H+98xMJD4oZXgv/umPXy5deu3IimYTPGH3Kr8Th6iQUff0/6S80oNBD7KtOuIHwHUCymUiRoeQ==

"@types/d3-random@*":
  version "2.2.0"
  resolved "https://registry.yarnpkg.com/@types/d3-random/-/d3-random-2.2.0.tgz#fc44cabb966917459490b758f31f5359adeabe5b"
  integrity sha512-Hjfj9m68NmYZzushzEG7etPvKH/nj9b9s9+qtkNG3/dbRBjQZQg1XS6nRuHJcCASTjxXlyXZnKu2gDxyQIIu9A==

"@types/d3-scale-chromatic@*", "@types/d3-scale-chromatic@2.0.0":
  version "2.0.0"
  resolved "https://registry.yarnpkg.com/@types/d3-scale-chromatic/-/d3-scale-chromatic-2.0.0.tgz#8d4a6f07cbbf2a9f2a4bec9c9476c27ed76a96ea"
  integrity sha512-Y62+2clOwZoKua84Ha0xU77w7lePiaBoTjXugT4l8Rd5LAk+Mn/ZDtrgs087a+B5uJ3jYUHHtKw5nuEzp0WBHw==

"@types/d3-scale@*":
  version "3.2.2"
  resolved "https://registry.yarnpkg.com/@types/d3-scale/-/d3-scale-3.2.2.tgz#5e28d0b1c599328aaec6094219f10a2570be6d74"
  integrity sha512-qpQe8G02tzUwt9sdWX1h8A/W0Q1+N48wMnYXVOkrzeLUkCfvzJYV9Ee3aORCS4dN4ONRLFmMvaXdziQ29XGLjQ==
  dependencies:
    "@types/d3-time" "*"

"@types/d3-selection@*":
  version "2.0.0"
  resolved "https://registry.yarnpkg.com/@types/d3-selection/-/d3-selection-2.0.0.tgz#59df94a8e47ed1050a337d4ffb4d4d213aa590a8"
  integrity sha512-EF0lWZ4tg7oDFg4YQFlbOU3936e3a9UmoQ2IXlBy1+cv2c2Pv7knhKUzGlH5Hq2sF/KeDTH1amiRPey2rrLMQA==

"@types/d3-shape@*":
  version "2.0.0"
  resolved "https://registry.yarnpkg.com/@types/d3-shape/-/d3-shape-2.0.0.tgz#61aa065726f3c2641aedc59c3603475ab11aeb2f"
  integrity sha512-NLzD02m5PiD1KLEDjLN+MtqEcFYn4ZL9+Rqc9ZwARK1cpKZXd91zBETbe6wpBB6Ia0D0VZbpmbW3+BsGPGnCpA==
  dependencies:
    "@types/d3-path" "^1"

"@types/d3-time-format@*":
  version "3.0.0"
  resolved "https://registry.yarnpkg.com/@types/d3-time-format/-/d3-time-format-3.0.0.tgz#913e984362a59792dc8d8b122dd17625991eade2"
  integrity sha512-UpLg1mn/8PLyjr+J/JwdQJM/GzysMvv2CS8y+WYAL5K0+wbvXv/pPSLEfdNaprCZsGcXTxPsFMy8QtkYv9ueew==

"@types/d3-time@*":
  version "2.0.0"
  resolved "https://registry.yarnpkg.com/@types/d3-time/-/d3-time-2.0.0.tgz#831dd093db91f16b83ba980e194bb8e4bcef44d6"
  integrity sha512-Abz8bTzy8UWDeYs9pCa3D37i29EWDjNTjemdk0ei1ApYVNqulYlGUKip/jLOpogkPSsPz/GvZCYiC7MFlEk0iQ==

"@types/d3-timer@*":
  version "2.0.0"
  resolved "https://registry.yarnpkg.com/@types/d3-timer/-/d3-timer-2.0.0.tgz#9901bb02af38798764674df17d66b07329705632"
  integrity sha512-l6stHr1VD1BWlW6u3pxrjLtJfpPZq9I3XmKIQtq7zHM/s6fwEtI1Yn6Sr5/jQTrUDCC5jkS6gWqlFGCDArDqNg==

"@types/d3-transition@*":
  version "2.0.0"
  resolved "https://registry.yarnpkg.com/@types/d3-transition/-/d3-transition-2.0.0.tgz#6f073f0b567c13b7a3dcd1d54214c89f48c5a873"
  integrity sha512-UJDzI98utcZQUJt3uIit/Ho0/eBIANzrWJrTmi4+TaKIyWL2iCu7ShP0o4QajCskhyjOA7C8+4CE3b1YirTzEQ==
  dependencies:
    "@types/d3-selection" "*"

"@types/d3-zoom@*":
  version "2.0.0"
  resolved "https://registry.yarnpkg.com/@types/d3-zoom/-/d3-zoom-2.0.0.tgz#ef8b87464e8ebc7c66b70f6383d1ae841e78e7fc"
  integrity sha512-daL0PJm4yT0ISTGa7p2lHX0kvv9FO/IR1ooWbHR/7H4jpbaKiLux5FslyS/OvISPiJ5SXb4sOqYhO6fMB6hKRw==
  dependencies:
    "@types/d3-interpolate" "*"
    "@types/d3-selection" "*"

"@types/d3@6.3.0":
  version "6.3.0"
  resolved "https://registry.yarnpkg.com/@types/d3/-/d3-6.3.0.tgz#28d1bfd4e5ef6a38535d8ef0884d452192719528"
  integrity sha512-YILdGsjNTbvkWZKsBasB4cVDwNPnni7ILMJg9keMErQHyuII2yO2jyFdUy5E+7k/HTNP/AucrPddQuu27udbeA==
  dependencies:
    "@types/d3-array" "*"
    "@types/d3-axis" "*"
    "@types/d3-brush" "*"
    "@types/d3-chord" "*"
    "@types/d3-color" "*"
    "@types/d3-contour" "*"
    "@types/d3-delaunay" "*"
    "@types/d3-dispatch" "*"
    "@types/d3-drag" "*"
    "@types/d3-dsv" "*"
    "@types/d3-ease" "*"
    "@types/d3-fetch" "*"
    "@types/d3-force" "*"
    "@types/d3-format" "*"
    "@types/d3-geo" "*"
    "@types/d3-hierarchy" "*"
    "@types/d3-interpolate" "*"
    "@types/d3-path" "*"
    "@types/d3-polygon" "*"
    "@types/d3-quadtree" "*"
    "@types/d3-random" "*"
    "@types/d3-scale" "*"
    "@types/d3-scale-chromatic" "*"
    "@types/d3-selection" "*"
    "@types/d3-shape" "*"
    "@types/d3-time" "*"
    "@types/d3-time-format" "*"
    "@types/d3-timer" "*"
    "@types/d3-transition" "*"
    "@types/d3-zoom" "*"

"@types/geojson@*":
  version "7946.0.7"
  resolved "https://registry.yarnpkg.com/@types/geojson/-/geojson-7946.0.7.tgz#c8fa532b60a0042219cdf173ca21a975ef0666ad"
  integrity sha512-wE2v81i4C4Ol09RtsWFAqg3BUitWbHSpSlIo+bNdsCJijO9sjme+zm+73ZMCa/qMC8UEERxzGbvmr1cffo2SiQ==

"@types/history@*", "@types/history@4.7.8":
  version "4.7.8"
  resolved "https://registry.yarnpkg.com/@types/history/-/history-4.7.8.tgz#49348387983075705fe8f4e02fb67f7daaec4934"
  integrity sha512-S78QIYirQcUoo6UJZx9CSP0O2ix9IaeAXwQi26Rhr/+mg7qqPy8TzaxHSUut7eGjL8WmLccT7/MXf304WjqHcA==

"@types/invariant@^2.2.33":
  version "2.2.34"
  resolved "https://registry.yarnpkg.com/@types/invariant/-/invariant-2.2.34.tgz#05e4f79f465c2007884374d4795452f995720bbe"
  integrity sha512-lYUtmJ9BqUN688fGY1U1HZoWT1/Jrmgigx2loq4ZcJpICECm/Om3V314BxdzypO0u5PORKGMM6x0OXaljV1YFg==

"@types/luxon@1.26.2":
  version "1.26.2"
  resolved "https://registry.yarnpkg.com/@types/luxon/-/luxon-1.26.2.tgz#656c24c1af3d41b8854700dc94ed556b9b6ce2f8"
  integrity sha512-2pvzy4LuxBMBBLAbml6PDcJPiIeZQ0Hqj3PE31IxkNI250qeoRMDovTrHXeDkIL4auvtarSdpTkLHs+st43EYQ==

"@types/prop-types@*", "@types/prop-types@15.7.3", "@types/prop-types@^15.7.3":
  version "15.7.3"
  resolved "https://registry.yarnpkg.com/@types/prop-types/-/prop-types-15.7.3.tgz#2ab0d5da2e5815f94b0b9d4b95d1e5f243ab2ca7"
  integrity sha512-KfRL3PuHmqQLOG+2tGpRO26Ctg+Cq1E01D2DMriKEATHgWLfeNDmq9e29Q9WIky0dQ3NPkd1mzYH8Lm936Z9qw==

"@types/react-dom@17.0.3":
  version "17.0.3"
  resolved "https://registry.yarnpkg.com/@types/react-dom/-/react-dom-17.0.3.tgz#7fdf37b8af9d6d40127137865bb3fff8871d7ee1"
  integrity sha512-4NnJbCeWE+8YBzupn/YrJxZ8VnjcJq5iR1laqQ1vkpQgBiA7bwk0Rp24fxsdNinzJY2U+HHS4dJJDPdoMjdJ7w==
  dependencies:
    "@types/react" "*"

"@types/react-router-dom@5.1.7":
  version "5.1.7"
  resolved "https://registry.yarnpkg.com/@types/react-router-dom/-/react-router-dom-5.1.7.tgz#a126d9ea76079ffbbdb0d9225073eb5797ab7271"
  integrity sha512-D5mHD6TbdV/DNHYsnwBTv+y73ei+mMjrkGrla86HthE4/PVvL1J94Bu3qABU+COXzpL23T1EZapVVpwHuBXiUg==
  dependencies:
    "@types/history" "*"
    "@types/react" "*"
    "@types/react-router" "*"

"@types/react-router@*":
  version "5.1.8"
  resolved "https://registry.yarnpkg.com/@types/react-router/-/react-router-5.1.8.tgz#4614e5ba7559657438e17766bb95ef6ed6acc3fa"
  integrity sha512-HzOyJb+wFmyEhyfp4D4NYrumi+LQgQL/68HvJO+q6XtuHSDvw6Aqov7sCAhjbNq3bUPgPqbdvjXC5HeB2oEAPg==
  dependencies:
    "@types/history" "*"
    "@types/react" "*"

"@types/react-router@5.1.13":
  version "5.1.13"
  resolved "https://registry.yarnpkg.com/@types/react-router/-/react-router-5.1.13.tgz#051c0d229bd48ad90558a1db500708127cc512f7"
  integrity sha512-ZIuaO9Yrln54X6elg8q2Ivp6iK6p4syPsefEYAhRDAoqNh48C8VYUmB9RkXjKSQAJSJV0mbIFCX7I4vZDcHrjg==
  dependencies:
    "@types/history" "*"
    "@types/react" "*"

"@types/react-transition-group@4.4.1", "@types/react-transition-group@^4.4.1":
  version "4.4.1"
  resolved "https://registry.yarnpkg.com/@types/react-transition-group/-/react-transition-group-4.4.1.tgz#e1a3cb278df7f47f17b5082b1b3da17170bd44b1"
  integrity sha512-vIo69qKKcYoJ8wKCJjwSgCTM+z3chw3g18dkrDfVX665tMH7tmbDxEAnPdey4gTlwZz5QuHGzd+hul0OVZDqqQ==
  dependencies:
    "@types/react" "*"

"@types/react-transition-group@^4.4.0":
  version "4.4.0"
  resolved "https://registry.yarnpkg.com/@types/react-transition-group/-/react-transition-group-4.4.0.tgz#882839db465df1320e4753e6e9f70ca7e9b4d46d"
  integrity sha512-/QfLHGpu+2fQOqQaXh8MG9q03bFENooTb/it4jr5kKaZlDQfWvjqWZg48AwzPVMBHlRuTRAY7hRHCEOXz5kV6w==
  dependencies:
    "@types/react" "*"

"@types/react@*", "@types/react@17.0.3", "@types/react@>=16.9.11", "@types/react@>=16.9.35", "@types/react@^16.9.11":
  version "17.0.3"
  resolved "https://registry.yarnpkg.com/@types/react/-/react-17.0.3.tgz#ba6e215368501ac3826951eef2904574c262cc79"
  integrity sha512-wYOUxIgs2HZZ0ACNiIayItyluADNbONl7kt8lkLjVK8IitMH5QMyAh75Fwhmo37r1m7L2JaFj03sIfxBVDvRAg==
  dependencies:
    "@types/prop-types" "*"
    "@types/scheduler" "*"
    csstype "^3.0.2"

"@types/scheduler@*":
  version "0.16.1"
  resolved "https://registry.yarnpkg.com/@types/scheduler/-/scheduler-0.16.1.tgz#18845205e86ff0038517aab7a18a62a6b9f71275"
  integrity sha512-EaCxbanVeyxDRTQBkdLb3Bvl/HK7PBK6UJjsSixB0iHKoWxE5uu2Q/DgtpOhPIojN0Zl1whvOd7PoHs2P0s5eA==

"@types/warning@^3.0.0":
  version "3.0.0"
  resolved "https://registry.yarnpkg.com/@types/warning/-/warning-3.0.0.tgz#0d2501268ad8f9962b740d387c4654f5f8e23e52"
  integrity sha1-DSUBJorY+ZYrdA04fEZU9fjiPlI=

classnames@^2.2.6:
  version "2.2.6"
  resolved "https://registry.yarnpkg.com/classnames/-/classnames-2.2.6.tgz#43935bffdd291f326dad0a205309b38d00f650ce"
  integrity sha512-JR/iSQOSt+LQIWwrwEzJ9uk0xfN3mTVYMwt1Ir5mUcSN6pU+V4zQFFaJsclJbPuAUQH+yfWef6tm7l1quW3C8Q==

csstype@^3.0.2:
  version "3.0.5"
  resolved "https://registry.yarnpkg.com/csstype/-/csstype-3.0.5.tgz#7fdec6a28a67ae18647c51668a9ff95bb2fa7bb8"
  integrity sha512-uVDi8LpBUKQj6sdxNaTetL6FpeCqTjOvAQuQUa/qAqq8oOd4ivkbhgnqayl0dnPal8Tb/yB1tF+gOvCBiicaiQ==

date-arithmetic@^4.0.1:
  version "4.1.0"
  resolved "https://registry.yarnpkg.com/date-arithmetic/-/date-arithmetic-4.1.0.tgz#e5d6434e9deb71f79760a37b729e4a515e730ddf"
  integrity sha512-QWxYLR5P/6GStZcdem+V1xoto6DMadYWpMXU82ES3/RfR3Wdwr3D0+be7mgOJ+Ov0G9D5Dmb9T17sNLQYj9XOg==

dom-helpers@^5.0.1, dom-helpers@^5.1.2, dom-helpers@^5.2.0:
  version "5.2.0"
  resolved "https://registry.yarnpkg.com/dom-helpers/-/dom-helpers-5.2.0.tgz#57fd054c5f8f34c52a3eeffdb7e7e93cd357d95b"
  integrity sha512-Ru5o9+V8CpunKnz5LGgWXkmrH/20cGKwcHwS4m73zIvs54CN9epEmT/HLqFJW3kXpakAFkEdzgy1hzlJe3E4OQ==
  dependencies:
    "@babel/runtime" "^7.8.7"
    csstype "^3.0.2"

invariant@^2.2.4:
  version "2.2.4"
  resolved "https://registry.yarnpkg.com/invariant/-/invariant-2.2.4.tgz#610f3c92c9359ce1db616e538008d23ff35158e6"
  integrity sha512-phJfQVBuaJM5raOpJjSfkiD6BpbCE4Ns//LaXl6wGYtUBY83nWS6Rf9tXm2e8VaK60JEjYldbPif/A2B1C2gNA==
  dependencies:
    loose-envify "^1.0.0"

"js-tokens@^3.0.0 || ^4.0.0":
  version "4.0.0"
  resolved "https://registry.yarnpkg.com/js-tokens/-/js-tokens-4.0.0.tgz#19203fb59991df98e3a287050d4647cdeaf32499"
  integrity sha512-RdJUflcE3cUzKiMqQgsCu06FPu9UdIJO0beYbPhHN4k6apgJtifcoCtT9bcxOpYBtpD2kCM6Sbzg4CausW/PKQ==

lodash-es@^4.17.15:
  version "4.17.20"
  resolved "https://registry.yarnpkg.com/lodash-es/-/lodash-es-4.17.20.tgz#29f6332eefc60e849f869c264bc71126ad61e8f7"
  integrity sha512-JD1COMZsq8maT6mnuz1UMV0jvYD0E0aUsSOdrr1/nAG3dhqQXwRRgeW0cSqH1U43INKcqxaiVIQNOUDld7gRDA==

lodash-es@^4.17.20:
  version "4.17.21"
  resolved "https://registry.yarnpkg.com/lodash-es/-/lodash-es-4.17.21.tgz#43e626c46e6591b7750beb2b50117390c609e3ee"
  integrity sha512-mKnC+QJ9pWVzv+C4/U3rRsHapFfHvQFoFB92e52xeyGMcX6/OlIl78je1u8vePzYZSkkogMPJ2yjxxsb89cxyw==

lodash@^4.17.15:
  version "4.17.20"
  resolved "https://registry.yarnpkg.com/lodash/-/lodash-4.17.20.tgz#b44a9b6297bcb698f1c51a3545a2b3b368d59c52"
  integrity sha512-PlhdFcillOINfeV7Ni6oF1TAEayyZBoZ8bcshTHqOYJYlrqzRK5hagpagky5o4HfCzzd1TRkXPMFq6cKk9rGmA==

lodash@^4.17.20:
  version "4.17.21"
  resolved "https://registry.yarnpkg.com/lodash/-/lodash-4.17.21.tgz#679591c564c3bffaae8454cf0b3df370c3d6911c"
  integrity sha512-v2kDEe57lecTulaDIuNTPy3Ry4gLGJ6Z1O3vE1krgXZNrsQ+LFTGHVxVjcXPs17LhbZVGedAJv8XZ1tvj5FvSg==

loose-envify@^1.0.0, loose-envify@^1.1.0, loose-envify@^1.4.0:
  version "1.4.0"
  resolved "https://registry.yarnpkg.com/loose-envify/-/loose-envify-1.4.0.tgz#71ee51fa7be4caec1a63839f7e682d8132d30caf"
  integrity sha512-lyuxPGr/Wfhrlem2CL/UcnUc1zcqKAImBDzukY7Y5F/yQiNdko6+fRLevlw1HgMySw7f611UIY408EtxRSoK3Q==
  dependencies:
    js-tokens "^3.0.0 || ^4.0.0"

luxon@1.25.0:
  version "1.25.0"
  resolved "https://registry.yarnpkg.com/luxon/-/luxon-1.25.0.tgz#d86219e90bc0102c0eb299d65b2f5e95efe1fe72"
  integrity sha512-hEgLurSH8kQRjY6i4YLey+mcKVAWXbDNlZRmM6AgWDJ1cY3atl8Ztf5wEY7VBReFbmGnwQPz7KYJblL8B2k0jQ==

object-assign@^4.1.1:
  version "4.1.1"
  resolved "https://registry.yarnpkg.com/object-assign/-/object-assign-4.1.1.tgz#2109adc7965887cfc05cbbd442cac8bfbb360863"
  integrity sha1-IQmtx5ZYh8/AXLvUQsrIv7s2CGM=

popper.js@1.16.1:
  version "1.16.1"
  resolved "https://registry.yarnpkg.com/popper.js/-/popper.js-1.16.1.tgz#2a223cb3dc7b6213d740e40372be40de43e65b1b"
  integrity sha512-Wb4p1J4zyFTbM+u6WuO4XstYx4Ky9Cewe4DWrel7B0w6VVICvPwdOpotjzcf6eD8TsckVnIMNONQyPIUFOUbCQ==

prop-types-extra@^1.1.0, prop-types-extra@^1.1.1:
  version "1.1.1"
  resolved "https://registry.yarnpkg.com/prop-types-extra/-/prop-types-extra-1.1.1.tgz#58c3b74cbfbb95d304625975aa2f0848329a010b"
  integrity sha512-59+AHNnHYCdiC+vMwY52WmvP5dM3QLeoumYuEyceQDi9aEhtwN9zIQ2ZNo25sMyXnbh32h+P1ezDsUpUH3JAew==
  dependencies:
    react-is "^16.3.2"
    warning "^4.0.0"

prop-types@^15.6.2, prop-types@^15.7.2:
  version "15.7.2"
  resolved "https://registry.yarnpkg.com/prop-types/-/prop-types-15.7.2.tgz#52c41e75b8c87e72b9d9360e0206b99dcbffa6c5"
  integrity sha512-8QQikdH7//R2vurIJSutZ1smHYTcLpRWEOlHnzcWHmBYrOGUysKwSsrC89BCiFj3CbrfJ/nXFdJepOVrY1GCHQ==
  dependencies:
    loose-envify "^1.4.0"
    object-assign "^4.1.1"
    react-is "^16.8.1"

react-bootstrap@1.5.2:
  version "1.5.2"
  resolved "https://registry.yarnpkg.com/react-bootstrap/-/react-bootstrap-1.5.2.tgz#07dabec53d10491a520c49f102170b440fa89008"
  integrity sha512-mGKPY5+lLd7Vtkx2VFivoRkPT4xAHazuFfIhJLTEgHlDfIUSePn7qrmpZe5gXH9zvHV0RsBaQ9cLfXjxnZrOpA==
  dependencies:
    "@babel/runtime" "^7.13.8"
    "@restart/context" "^2.1.4"
    "@restart/hooks" "^0.3.26"
    "@types/classnames" "^2.2.10"
    "@types/invariant" "^2.2.33"
    "@types/prop-types" "^15.7.3"
    "@types/react" ">=16.9.35"
    "@types/react-transition-group" "^4.4.1"
    "@types/warning" "^3.0.0"
    classnames "^2.2.6"
    dom-helpers "^5.1.2"
    invariant "^2.2.4"
    prop-types "^15.7.2"
    prop-types-extra "^1.1.0"
    react-overlays "^5.0.0"
    react-transition-group "^4.4.1"
    uncontrollable "^7.2.1"
    warning "^4.0.3"

react-dom@17.0.2:
  version "17.0.2"
  resolved "https://registry.yarnpkg.com/react-dom/-/react-dom-17.0.2.tgz#ecffb6845e3ad8dbfcdc498f0d0a939736502c23"
  integrity sha512-s4h96KtLDUQlsENhMn1ar8t2bEa+q/YAtj8pPPdIjPDGBDIVNsrD9aXNWqspUe6AzKCIG0C1HZZLqLV7qpOBGA==
  dependencies:
    loose-envify "^1.1.0"
    object-assign "^4.1.1"
    scheduler "^0.20.2"

react-is@^16.3.2, react-is@^16.8.1:
  version "16.13.1"
  resolved "https://registry.yarnpkg.com/react-is/-/react-is-16.13.1.tgz#789729a4dc36de2999dc156dd6c1d9c18cea56a4"
  integrity sha512-24e6ynE2H+OKt4kqsOvNd8kBpV65zoxbA4BVsEOB3ARVWQki/DHzaUoC5KuON/BiccDaCCTZBuOcfZs70kR8bQ==

react-lifecycles-compat@^3.0.4:
  version "3.0.4"
  resolved "https://registry.yarnpkg.com/react-lifecycles-compat/-/react-lifecycles-compat-3.0.4.tgz#4f1a273afdfc8f3488a8c516bfda78f872352362"
  integrity sha512-fBASbA6LnOU9dOU2eW7aQ8xmYBSXUIWr+UmF9b1efZBazGNO+rcXT/icdKnYm2pTwcRylVUYwW7H1PHfLekVzA==

react-overlays@^5.0.0:
  version "5.0.0"
  resolved "https://registry.yarnpkg.com/react-overlays/-/react-overlays-5.0.0.tgz#b50351de194dda0706b40f9632d261c9f0011c4c"
  integrity sha512-TKbqfAv23TFtCJ2lzISdx76p97G/DP8Rp4TOFdqM9n8GTruVYgE3jX7Zgb8+w7YJ18slTVcDTQ1/tFzdCqjVhA==
  dependencies:
    "@babel/runtime" "^7.12.1"
    "@popperjs/core" "^2.5.3"
    "@restart/hooks" "^0.3.25"
    "@types/warning" "^3.0.0"
    dom-helpers "^5.2.0"
    prop-types "^15.7.2"
    uncontrollable "^7.0.0"
    warning "^4.0.3"

react-transition-group@^4.4.1:
  version "4.4.1"
  resolved "https://registry.yarnpkg.com/react-transition-group/-/react-transition-group-4.4.1.tgz#63868f9325a38ea5ee9535d828327f85773345c9"
  integrity sha512-Djqr7OQ2aPUiYurhPalTrVy9ddmFCCzwhqQmtN+J3+3DzLO209Fdr70QrN8Z3DsglWql6iY1lDWAfpFiBtuKGw==
  dependencies:
    "@babel/runtime" "^7.5.5"
    dom-helpers "^5.0.1"
    loose-envify "^1.4.0"
    prop-types "^15.6.2"

react-widgets@5.0.3:
  version "5.0.3"
  resolved "https://registry.yarnpkg.com/react-widgets/-/react-widgets-5.0.3.tgz#8a23f081fcbabb05c11d7d510753cda2b92d0c2f"
  integrity sha512-fQ7mzweKv6UfsWx5o7RX3jHJmW/RPSlI8CoSZppmU1skWjqRPHXA3P45FiXYp11l9cjX/loVjwRaCCUgAF8MbA==
  dependencies:
    "@restart/hooks" "^0.3.26"
    "@types/classnames" "^2.2.11"
    "@types/react-transition-group" "^4.4.0"
    classnames "^2.2.6"
    date-arithmetic "^4.0.1"
    dom-helpers "^5.2.0"
    prop-types-extra "^1.1.1"
    react-transition-group "^4.4.1"
    tiny-warning "^1.0.3"
    uncontrollable "^7.2.1"
    warning "^4.0.3"

react@17.0.2:
  version "17.0.2"
  resolved "https://registry.yarnpkg.com/react/-/react-17.0.2.tgz#d0b5cc516d29eb3eee383f75b62864cfb6800037"
  integrity sha512-gnhPt75i/dq/z3/6q/0asP78D0u592D5L1pd7M8P+dck6Fu/jJeL6iVVK23fptSUZj8Vjf++7wXA8UNclGQcbA==
  dependencies:
    loose-envify "^1.1.0"
    object-assign "^4.1.1"

regenerator-runtime@^0.13.4:
  version "0.13.7"
  resolved "https://registry.yarnpkg.com/regenerator-runtime/-/regenerator-runtime-0.13.7.tgz#cac2dacc8a1ea675feaabaeb8ae833898ae46f55"
  integrity sha512-a54FxoJDIr27pgf7IgeQGxmqUNYrcV338lf/6gH456HZ/PhX+5BcwHXG9ajESmwe6WRO0tAzRUrRmNONWgkrew==

scheduler@^0.20.2:
  version "0.20.2"
  resolved "https://registry.yarnpkg.com/scheduler/-/scheduler-0.20.2.tgz#4baee39436e34aa93b4874bddcbf0fe8b8b50e91"
  integrity sha512-2eWfGgAqqWFGqtdMmcL5zCMK1U8KlXv8SQFGglL3CEtd0aDVDWgeF/YoCmvln55m5zSk3J/20hTaSBeSObsQDQ==
  dependencies:
    loose-envify "^1.1.0"
    object-assign "^4.1.1"

tiny-warning@^1.0.3:
  version "1.0.3"
  resolved "https://registry.yarnpkg.com/tiny-warning/-/tiny-warning-1.0.3.tgz#94a30db453df4c643d0fd566060d60a875d84754"
  integrity sha512-lBN9zLN/oAf68o3zNXYrdCt1kP8WsiGW8Oo2ka41b2IM5JL/S1CTyX1rW0mb/zSuJun0ZUrDxx4sqvYS2FWzPA==

uncontrollable@^7.0.0:
  version "7.1.1"
  resolved "https://registry.yarnpkg.com/uncontrollable/-/uncontrollable-7.1.1.tgz#f67fed3ef93637126571809746323a9db815d556"
  integrity sha512-EcPYhot3uWTS3w00R32R2+vS8Vr53tttrvMj/yA1uYRhf8hbTG2GyugGqWDY0qIskxn0uTTojVd6wPYW9ZEf8Q==
  dependencies:
    "@babel/runtime" "^7.6.3"
    "@types/react" "^16.9.11"
    invariant "^2.2.4"
    react-lifecycles-compat "^3.0.4"

uncontrollable@^7.2.1:
  version "7.2.1"
  resolved "https://registry.yarnpkg.com/uncontrollable/-/uncontrollable-7.2.1.tgz#1fa70ba0c57a14d5f78905d533cf63916dc75738"
  integrity sha512-svtcfoTADIB0nT9nltgjujTi7BzVmwjZClOmskKu/E8FW9BXzg9os8OLr4f8Dlnk0rYWJIWr4wv9eKUXiQvQwQ==
  dependencies:
    "@babel/runtime" "^7.6.3"
    "@types/react" ">=16.9.11"
    invariant "^2.2.4"
    react-lifecycles-compat "^3.0.4"

warning@^4.0.0, warning@^4.0.3:
  version "4.0.3"
  resolved "https://registry.yarnpkg.com/warning/-/warning-4.0.3.tgz#16e9e077eb8a86d6af7d64aa1e05fd85b4678ca3"
  integrity sha512-rpJyN222KWIvHJ/F53XSZv0Zl/accqHR8et1kpaMTD/fLCRxtV8iX8czMzY7sVZupTI3zcUTg8eycS2kNF9l6w==
  dependencies:
    loose-envify "^1.0.0"
