
Microsoft Visual Studio Solution File, Format Version 10.00
# Visual Studio 2008
Project("{FAE04EC0-301F-11D3-BF4B-00C04F79EFBC}") = "Signum.Utilities", "..\..\..\Signum\Main\Engine\Signum.Utilities\Signum.Utilities.csproj", "{F7D3F72D-741D-4F67-8CF8-CD41B9035FED}"
EndProject
Project("{FAE04EC0-301F-11D3-BF4B-00C04F79EFBC}") = "Signum.Entities", "..\..\..\Signum\Main\Engine\Signum.Entities\Signum.Entities.csproj", "{F2B51D08-498D-4C9F-8112-9521A7762B02}"
EndProject
Project("{FAE04EC0-301F-11D3-BF4B-00C04F79EFBC}") = "Signum.Engine", "..\..\..\Signum\Main\Engine\Signum.Engine\Signum.Engine.csproj", "{7F2DB6FE-C109-4057-B207-C62A767F905D}"
EndProject
Project("{FAE04EC0-301F-11D3-BF4B-00C04F79EFBC}") = "Signum.Services", "..\..\..\Signum\Main\Engine\Signum.Services\Signum.Services.csproj", "{B63C47DF-4EC3-4D80-863C-2B5A38D2C35B}"
EndProject
Project("{FAE04EC0-301F-11D3-BF4B-00C04F79EFBC}") = "Signum.Windows", "..\..\..\Signum\Main\Engine\Signum.Windows\Signum.Windows.csproj", "{76278145-7CCD-4411-9B8A-078708128571}"
EndProject
Project("{FAE04EC0-301F-11D3-BF4B-00C04F79EFBC}") = "Bugs.Entities", "BugsDN\Bugs.Entities.csproj", "{90F873BE-1944-4EF1-B4F0-9B7DAC5CDEBF}"
EndProject
Project("{FAE04EC0-301F-11D3-BF4B-00C04F79EFBC}") = "Bugs.Logic", "BugsLN\Bugs.Logic.csproj", "{23DDE0CA-58AF-4A8A-9C9A-6110356B8D45}"
EndProject
Project("{FAE04EC0-301F-11D3-BF4B-00C04F79EFBC}") = "Bugs.Load", "BugsLoad\Bugs.Load.csproj", "{CF33A6FC-BB22-405E-ABAA-B9112BC1B71C}"
EndProject
Project("{FAE04EC0-301F-11D3-BF4B-00C04F79EFBC}") = "Bugs.Contract", "BugsContract\Bugs.Contract.csproj", "{C6F609F7-763A-4D34-95F2-F4AE6B2CF723}"
EndProject
Project("{FAE04EC0-301F-11D3-BF4B-00C04F79EFBC}") = "Bugs.Web", "BugsWeb\Bugs.Web.csproj", "{C5BF8F06-DAA8-4C31-8FDC-12ADEA6AA0C7}"
EndProject
Project("{FAE04EC0-301F-11D3-BF4B-00C04F79EFBC}") = "Bugs.Windows", "Bugs.Windows\Bugs.Windows.csproj", "{75E09874-1D8A-4A38-A7FA-D067FD70A8B4}"
EndProject
Project("{FAE04EC0-301F-11D3-BF4B-00C04F79EFBC}") = "Signum.Excel", "..\..\..\Signum\Main\Engine\Signum.Excel\Signum.Excel.csproj", "{7730FF46-3548-4E79-8028-22F4D33BFE86}"
EndProject
Project("{FAE04EC0-301F-11D3-BF4B-00C04F79EFBC}") = "Signum.Windows.Extensions", "..\..\..\Signum\Main\Engine\Signum.Windows.Extensions\Signum.Windows.Extensions.csproj", "{CAFD6D4D-E5FB-4A6E-84FC-3185854CCD9D}"
EndProject
Project("{FAE04EC0-301F-11D3-BF4B-00C04F79EFBC}") = "Signum.Entities.Extensions", "..\..\..\Signum\Main\Engine\Signum.Entities.Extensions\Signum.Entities.Extensions.csproj", "{7D851227-5294-4BEB-990E-56B4FBB7A148}"
EndProject
Project("{FAE04EC0-301F-11D3-BF4B-00C04F79EFBC}") = "Signum.Services.Extensions", "..\..\..\Signum\Main\Engine\Signum.Services.Extensions\Signum.Services.Extensions.csproj", "{81988BE3-48CB-4E3D-A044-F7B60FEE2456}"
EndProject
Global
	GlobalSection(TeamFoundationVersionControl) = preSolution
		SccNumberOfProjects = 11
		SccEnterpriseProvider = {4CA58AB2-18FA-4F8D-95D4-32DDF27D184C}
		SccTeamFoundationServer = http://192.168.0.8:8080/
		SccLocalPath0 = .
		SccProjectUniqueName1 = ..\\..\\..\\Signum\\Main\\Engine\\Signum.Utilities\\Signum.Utilities.csproj
		SccProjectName1 = ../Main/Engine/Signum.Utilities
		SccLocalPath1 = ..\\..\\..\\Signum\\Main\\Engine\\Signum.Utilities
		SccProjectUniqueName2 = ..\\..\\..\\Signum\\Main\\Engine\\Signum.Entities\\Signum.Entities.csproj
		SccProjectName2 = ../Main/Engine/Signum.Entities
		SccLocalPath2 = ..\\..\\..\\Signum\\Main\\Engine\\Signum.Entities
		SccProjectUniqueName3 = ..\\..\\..\\Signum\\Main\\Engine\\Signum.Engine\\Signum.Engine.csproj
		SccProjectName3 = ../Main/Engine/Signum.Engine
		SccLocalPath3 = ..\\..\\..\\Signum\\Main\\Engine\\Signum.Engine
		SccProjectUniqueName4 = ..\\..\\..\\Signum\\Main\\Engine\\Signum.Services\\Signum.Services.csproj
		SccProjectName4 = ../Main/Engine/Signum.Services
		SccLocalPath4 = ..\\..\\..\\Signum\\Main\\Engine\\Signum.Services
		SccProjectUniqueName5 = ..\\..\\..\\Signum\\Main\\Engine\\Signum.Windows\\Signum.Windows.csproj
		SccProjectName5 = ../Main/Engine/Signum.Windows
		SccLocalPath5 = ..\\..\\..\\Signum\\Main\\Engine\\Signum.Windows
		SccProjectUniqueName6 = ..\\..\\..\\Signum\\Main\\Engine\\Signum.Excel\\Signum.Excel.csproj
		SccProjectName6 = ../Main/Engine/Signum.Excel
		SccLocalPath6 = ..\\..\\..\\Signum\\Main\\Engine\\Signum.Excel
		SccProjectUniqueName7 = ..\\..\\..\\Signum\\Main\\Engine\\Signum.Windows.Extensions\\Signum.Windows.Extensions.csproj
		SccProjectName7 = ../Main/Engine/Signum.Windows.Extensions
		SccLocalPath7 = ..\\..\\..\\Signum\\Main\\Engine\\Signum.Windows.Extensions
		SccProjectUniqueName8 = ..\\..\\..\\Signum\\Main\\Engine\\Signum.Entities.Extensions\\Signum.Entities.Extensions.csproj
		SccProjectName8 = ../Main/Engine/Signum.Entities.Extensions
		SccLocalPath8 = ..\\..\\..\\Signum\\Main\\Engine\\Signum.Entities.Extensions
		SccProjectUniqueName9 = ..\\..\\..\\Signum\\Main\\Engine\\Signum.Services.Extensions\\Signum.Services.Extensions.csproj
		SccProjectName9 = ../Main/Engine/Signum.Services.Extensions
		SccLocalPath9 = ..\\..\\..\\Signum\\Main\\Engine\\Signum.Services.Extensions
		SccProjectUniqueName10 = Bugs.Windows\\Bugs.Windows.csproj
		SccProjectName10 = Bugs.Windows
		SccLocalPath10 = Bugs.Windows
	EndGlobalSection
	GlobalSection(SolutionConfigurationPlatforms) = preSolution
		Debug|Any CPU = Debug|Any CPU
		Release|Any CPU = Release|Any CPU
	EndGlobalSection
	GlobalSection(ProjectConfigurationPlatforms) = postSolution
		{F7D3F72D-741D-4F67-8CF8-CD41B9035FED}.Debug|Any CPU.ActiveCfg = Debug|Any CPU
		{F7D3F72D-741D-4F67-8CF8-CD41B9035FED}.Debug|Any CPU.Build.0 = Debug|Any CPU
		{F7D3F72D-741D-4F67-8CF8-CD41B9035FED}.Release|Any CPU.ActiveCfg = Release|Any CPU
		{F7D3F72D-741D-4F67-8CF8-CD41B9035FED}.Release|Any CPU.Build.0 = Release|Any CPU
		{F2B51D08-498D-4C9F-8112-9521A7762B02}.Debug|Any CPU.ActiveCfg = Debug|Any CPU
		{F2B51D08-498D-4C9F-8112-9521A7762B02}.Debug|Any CPU.Build.0 = Debug|Any CPU
		{F2B51D08-498D-4C9F-8112-9521A7762B02}.Release|Any CPU.ActiveCfg = Release|Any CPU
		{F2B51D08-498D-4C9F-8112-9521A7762B02}.Release|Any CPU.Build.0 = Release|Any CPU
		{7F2DB6FE-C109-4057-B207-C62A767F905D}.Debug|Any CPU.ActiveCfg = Debug|Any CPU
		{7F2DB6FE-C109-4057-B207-C62A767F905D}.Debug|Any CPU.Build.0 = Debug|Any CPU
		{7F2DB6FE-C109-4057-B207-C62A767F905D}.Release|Any CPU.ActiveCfg = Release|Any CPU
		{7F2DB6FE-C109-4057-B207-C62A767F905D}.Release|Any CPU.Build.0 = Release|Any CPU
		{B63C47DF-4EC3-4D80-863C-2B5A38D2C35B}.Debug|Any CPU.ActiveCfg = Debug|Any CPU
		{B63C47DF-4EC3-4D80-863C-2B5A38D2C35B}.Debug|Any CPU.Build.0 = Debug|Any CPU
		{B63C47DF-4EC3-4D80-863C-2B5A38D2C35B}.Release|Any CPU.ActiveCfg = Release|Any CPU
		{B63C47DF-4EC3-4D80-863C-2B5A38D2C35B}.Release|Any CPU.Build.0 = Release|Any CPU
		{76278145-7CCD-4411-9B8A-078708128571}.Debug|Any CPU.ActiveCfg = Debug|Any CPU
		{76278145-7CCD-4411-9B8A-078708128571}.Debug|Any CPU.Build.0 = Debug|Any CPU
		{76278145-7CCD-4411-9B8A-078708128571}.Release|Any CPU.ActiveCfg = Release|Any CPU
		{76278145-7CCD-4411-9B8A-078708128571}.Release|Any CPU.Build.0 = Release|Any CPU
		{90F873BE-1944-4EF1-B4F0-9B7DAC5CDEBF}.Debug|Any CPU.ActiveCfg = Debug|Any CPU
		{90F873BE-1944-4EF1-B4F0-9B7DAC5CDEBF}.Debug|Any CPU.Build.0 = Debug|Any CPU
		{90F873BE-1944-4EF1-B4F0-9B7DAC5CDEBF}.Release|Any CPU.ActiveCfg = Release|Any CPU
		{90F873BE-1944-4EF1-B4F0-9B7DAC5CDEBF}.Release|Any CPU.Build.0 = Release|Any CPU
		{23DDE0CA-58AF-4A8A-9C9A-6110356B8D45}.Debug|Any CPU.ActiveCfg = Debug|Any CPU
		{23DDE0CA-58AF-4A8A-9C9A-6110356B8D45}.Debug|Any CPU.Build.0 = Debug|Any CPU
		{23DDE0CA-58AF-4A8A-9C9A-6110356B8D45}.Release|Any CPU.ActiveCfg = Release|Any CPU
		{23DDE0CA-58AF-4A8A-9C9A-6110356B8D45}.Release|Any CPU.Build.0 = Release|Any CPU
		{CF33A6FC-BB22-405E-ABAA-B9112BC1B71C}.Debug|Any CPU.ActiveCfg = Debug|Any CPU
		{CF33A6FC-BB22-405E-ABAA-B9112BC1B71C}.Debug|Any CPU.Build.0 = Debug|Any CPU
		{CF33A6FC-BB22-405E-ABAA-B9112BC1B71C}.Release|Any CPU.ActiveCfg = Release|Any CPU
		{CF33A6FC-BB22-405E-ABAA-B9112BC1B71C}.Release|Any CPU.Build.0 = Release|Any CPU
		{C6F609F7-763A-4D34-95F2-F4AE6B2CF723}.Debug|Any CPU.ActiveCfg = Debug|Any CPU
		{C6F609F7-763A-4D34-95F2-F4AE6B2CF723}.Debug|Any CPU.Build.0 = Debug|Any CPU
		{C6F609F7-763A-4D34-95F2-F4AE6B2CF723}.Release|Any CPU.ActiveCfg = Release|Any CPU
		{C6F609F7-763A-4D34-95F2-F4AE6B2CF723}.Release|Any CPU.Build.0 = Release|Any CPU
		{C5BF8F06-DAA8-4C31-8FDC-12ADEA6AA0C7}.Debug|Any CPU.ActiveCfg = Debug|Any CPU
		{C5BF8F06-DAA8-4C31-8FDC-12ADEA6AA0C7}.Debug|Any CPU.Build.0 = Debug|Any CPU
		{C5BF8F06-DAA8-4C31-8FDC-12ADEA6AA0C7}.Release|Any CPU.ActiveCfg = Release|Any CPU
		{C5BF8F06-DAA8-4C31-8FDC-12ADEA6AA0C7}.Release|Any CPU.Build.0 = Release|Any CPU
		{75E09874-1D8A-4A38-A7FA-D067FD70A8B4}.Debug|Any CPU.ActiveCfg = Debug|Any CPU
		{75E09874-1D8A-4A38-A7FA-D067FD70A8B4}.Debug|Any CPU.Build.0 = Debug|Any CPU
		{75E09874-1D8A-4A38-A7FA-D067FD70A8B4}.Release|Any CPU.ActiveCfg = Release|Any CPU
		{75E09874-1D8A-4A38-A7FA-D067FD70A8B4}.Release|Any CPU.Build.0 = Release|Any CPU
		{7730FF46-3548-4E79-8028-22F4D33BFE86}.Debug|Any CPU.ActiveCfg = Debug|Any CPU
		{7730FF46-3548-4E79-8028-22F4D33BFE86}.Debug|Any CPU.Build.0 = Debug|Any CPU
		{7730FF46-3548-4E79-8028-22F4D33BFE86}.Release|Any CPU.ActiveCfg = Release|Any CPU
		{7730FF46-3548-4E79-8028-22F4D33BFE86}.Release|Any CPU.Build.0 = Release|Any CPU
		{CAFD6D4D-E5FB-4A6E-84FC-3185854CCD9D}.Debug|Any CPU.ActiveCfg = Debug|Any CPU
		{CAFD6D4D-E5FB-4A6E-84FC-3185854CCD9D}.Debug|Any CPU.Build.0 = Debug|Any CPU
		{CAFD6D4D-E5FB-4A6E-84FC-3185854CCD9D}.Release|Any CPU.ActiveCfg = Release|Any CPU
		{CAFD6D4D-E5FB-4A6E-84FC-3185854CCD9D}.Release|Any CPU.Build.0 = Release|Any CPU
		{7D851227-5294-4BEB-990E-56B4FBB7A148}.Debug|Any CPU.ActiveCfg = Debug|Any CPU
		{7D851227-5294-4BEB-990E-56B4FBB7A148}.Debug|Any CPU.Build.0 = Debug|Any CPU
		{7D851227-5294-4BEB-990E-56B4FBB7A148}.Release|Any CPU.ActiveCfg = Release|Any CPU
		{7D851227-5294-4BEB-990E-56B4FBB7A148}.Release|Any CPU.Build.0 = Release|Any CPU
		{81988BE3-48CB-4E3D-A044-F7B60FEE2456}.Debug|Any CPU.ActiveCfg = Debug|Any CPU
		{81988BE3-48CB-4E3D-A044-F7B60FEE2456}.Debug|Any CPU.Build.0 = Debug|Any CPU
		{81988BE3-48CB-4E3D-A044-F7B60FEE2456}.Release|Any CPU.ActiveCfg = Release|Any CPU
		{81988BE3-48CB-4E3D-A044-F7B60FEE2456}.Release|Any CPU.Build.0 = Release|Any CPU
	EndGlobalSection
	GlobalSection(SolutionProperties) = preSolution
		HideSolutionNode = FALSE
	EndGlobalSection
EndGlobal
