
Microsoft Visual Studio Solution File, Format Version 10.00
# Visual Studio 2008
Project("{FAE04EC0-301F-11D3-BF4B-00C04F79EFBC}") = "Signum.Web.Sample", "Signum.Web.Sample.csproj", "{C6E52C42-F9BB-4CEE-B0F4-B5743CD96C19}"
EndProject
Project("{FAE04EC0-301F-11D3-BF4B-00C04F79EFBC}") = "Signum.Web.Sample.Tests", "..\Signum.Web.Sample.Tests\Signum.Web.Sample.Tests.csproj", "{047FCDA4-39F3-49E6-85D2-E355A73FDCC3}"
EndProject
Global
	GlobalSection(TeamFoundationVersionControl) = preSolution
		SccNumberOfProjects = 3
		SccEnterpriseProvider = {4CA58AB2-18FA-4F8D-95D4-32DDF27D184C}
		SccTeamFoundationServer = http://andromeda:8080/
		SccProjectUniqueName0 = ..\\Signum.Web.Sample.Tests\\Signum.Web.Sample.Tests.csproj
		SccProjectName0 = ../Signum.Web.Sample.Tests
		SccLocalPath0 = ..\\Signum.Web.Sample.Tests
		SccProjectUniqueName1 = Signum.Web.Sample.csproj
		SccLocalPath1 = .
		SccLocalPath2 = .
	EndGlobalSection
	GlobalSection(SolutionConfigurationPlatforms) = preSolution
		Debug|Any CPU = Debug|Any CPU
		Release|Any CPU = Release|Any CPU
	EndGlobalSection
	GlobalSection(ProjectConfigurationPlatforms) = postSolution
		{C6E52C42-F9BB-4CEE-B0F4-B5743CD96C19}.Debug|Any CPU.ActiveCfg = Debug|Any CPU
		{C6E52C42-F9BB-4CEE-B0F4-B5743CD96C19}.Debug|Any CPU.Build.0 = Debug|Any CPU
		{C6E52C42-F9BB-4CEE-B0F4-B5743CD96C19}.Release|Any CPU.ActiveCfg = Release|Any CPU
		{C6E52C42-F9BB-4CEE-B0F4-B5743CD96C19}.Release|Any CPU.Build.0 = Release|Any CPU
		{047FCDA4-39F3-49E6-85D2-E355A73FDCC3}.Debug|Any CPU.ActiveCfg = Debug|Any CPU
		{047FCDA4-39F3-49E6-85D2-E355A73FDCC3}.Debug|Any CPU.Build.0 = Debug|Any CPU
		{047FCDA4-39F3-49E6-85D2-E355A73FDCC3}.Release|Any CPU.ActiveCfg = Release|Any CPU
		{047FCDA4-39F3-49E6-85D2-E355A73FDCC3}.Release|Any CPU.Build.0 = Release|Any CPU
	EndGlobalSection
	GlobalSection(SolutionProperties) = preSolution
		HideSolutionNode = FALSE
	EndGlobalSection
EndGlobal
