
Microsoft Visual Studio Solution File, Format Version 12.00
# Visual Studio 15
VisualStudioVersion = 15.0.28010.2050
MinimumVisualStudioVersion = 10.0.40219.1
Project("{9A19103F-16F7-4668-BE54-9A1E7A4F7556}") = "Signum.TSGenerator", "Signum.TSGenerator.csproj", "{39666136-68C1-4EFC-99A4-54886860DF97}"
EndProject
Global
	GlobalSection(SolutionConfigurationPlatforms) = preSolution
		Debug|Any CPU = Debug|Any CPU
		Release|Any CPU = Release|Any CPU
	EndGlobalSection
	GlobalSection(ProjectConfigurationPlatforms) = postSolution
		{39666136-68C1-4EFC-99A4-54886860DF97}.Debug|Any CPU.ActiveCfg = Debug|x64
		{39666136-68C1-4EFC-99A4-54886860DF97}.Release|Any CPU.ActiveCfg = Release|x64
	EndGlobalSection
	GlobalSection(SolutionProperties) = preSolution
		HideSolutionNode = FALSE
	EndGlobalSection
	GlobalSection(ExtensibilityGlobals) = postSolution
		SolutionGuid = {EEC9F069-7878-41A4-8251-A365E829082D}
	EndGlobalSection
EndGlobal
